{
  "version": 4,
  "terraform_version": "0.12.24",
  "serial": 79,
  "lineage": "2b8fb368-c949-daa4-bff6-ed6c6d73f3ce",
  "outputs": {
    "BastionPublicIP": {
      "value": [
        [
          "193.122.58.70"
        ]
      ],
      "type": [
        "tuple",
        [
          [
            "tuple",
            [
              "string"
            ]
          ]
        ]
      ]
    },
    "SubnetId": {
      "value": [
        "ocid1.subnet.oc1.eu-frankfurt-1.aaaaaaaarl3ttat2ezrgyhtd7me2u7vutlinv4plnbjzdeqwfgv36zqpg4oa"
      ],
      "type": [
        "tuple",
        [
          "string"
        ]
      ]
    },
    "VcnID": {
      "value": [
        "ocid1.vcn.oc1.eu-frankfurt-1.amaaaaaasfuycaqabosa5bnzp3p7iohfxlaegloaji5o3xfdj6nwmzpctbpa"
      ],
      "type": [
        "tuple",
        [
          "string"
        ]
      ]
    },
    "WebServerDomain": {
      "value": [
        [
          "private.demo.oraclevcn.com"
        ]
      ],
      "type": [
        "tuple",
        [
          [
            "tuple",
            [
              "string"
            ]
          ]
        ]
      ]
    },
    "WebServerHostNames": {
      "value": [
        [
          "web0"
        ]
      ],
      "type": [
        "tuple",
        [
          [
            "tuple",
            [
              "string"
            ]
          ]
        ]
      ]
    },
    "WebServerPrivateIPs": {
      "value": [
        [
          "10.0.0.2"
        ]
      ],
      "type": [
        "tuple",
        [
          [
            "tuple",
            [
              "string"
            ]
          ]
        ]
      ]
    },
    "lb_ip": {
      "value": [
        "132.145.226.14"
      ],
      "type": [
        "tuple",
        [
          "string"
        ]
      ]
    },
    "lb_is_public": {
      "value": [
        true
      ],
      "type": [
        "tuple",
        [
          "bool"
        ]
      ]
    }
  },
  "resources": [
    {
      "mode": "data",
      "type": "oci_identity_availability_domains",
      "name": "ADs",
      "provider": "provider.oci",
      "instances": [
        {
          "schema_version": 0,
          "attributes": {
            "availability_domains": [
              {
                "compartment_id": "ocid1.tenancy.oc1..aaaaaaaagpl3dtrsgsdrpjmtkffgtywh3gcesjyk4psebzssdlngpyg3luda",
                "id": "ocid1.availabilitydomain.oc1..aaaaaaaaiifj24st3w4j7cowuo3pmqcuqwjapjv435vtjmgh5j7q3flguwna",
                "name": "TiiM:EU-FRANKFURT-1-AD-1"
              },
              {
                "compartment_id": "ocid1.tenancy.oc1..aaaaaaaagpl3dtrsgsdrpjmtkffgtywh3gcesjyk4psebzssdlngpyg3luda",
                "id": "ocid1.availabilitydomain.oc1..aaaaaaaalcdcbl7u6akbmkojxhrozpj2v7yavqqydkj3ytyjbt47lnoqnm2q",
                "name": "TiiM:EU-FRANKFURT-1-AD-2"
              },
              {
                "compartment_id": "ocid1.tenancy.oc1..aaaaaaaagpl3dtrsgsdrpjmtkffgtywh3gcesjyk4psebzssdlngpyg3luda",
                "id": "ocid1.availabilitydomain.oc1..aaaaaaaaa2artt5wizbqvwl3rgptylx2l7jqbnyv4dygcfvlrd3dphvi3mdq",
                "name": "TiiM:EU-FRANKFURT-1-AD-3"
              }
            ],
            "compartment_id": "ocid1.tenancy.oc1..aaaaaaaagpl3dtrsgsdrpjmtkffgtywh3gcesjyk4psebzssdlngpyg3luda",
            "filter": null,
            "id": "2020-05-27 23:19:15.011358842 +0000 UTC"
          }
        }
      ]
    },
    {
      "mode": "data",
      "type": "oci_identity_tenancy",
      "name": "tenancy",
      "provider": "provider.oci",
      "instances": [
        {
          "schema_version": 0,
          "attributes": {
            "defined_tags": {},
            "description": "czechedu2020",
            "freeform_tags": {},
            "home_region_key": "FRA",
            "id": "ocid1.tenancy.oc1..aaaaaaaagpl3dtrsgsdrpjmtkffgtywh3gcesjyk4psebzssdlngpyg3luda",
            "name": "czechedu2020",
            "tenancy_id": "ocid1.tenancy.oc1..aaaaaaaagpl3dtrsgsdrpjmtkffgtywh3gcesjyk4psebzssdlngpyg3luda",
            "upi_idcs_compatibility_layer_endpoint": null
          }
        }
      ]
    },
    {
      "mode": "managed",
      "type": "oci_core_instance",
      "name": "Bastion",
      "each": "list",
      "provider": "provider.oci",
      "instances": [
        {
          "index_key": 0,
          "schema_version": 0,
          "attributes": {
            "agent_config": [
              {
                "is_management_disabled": false,
                "is_monitoring_disabled": false
              }
            ],
            "availability_domain": "TiiM:EU-FRANKFURT-1-AD-1",
            "boot_volume_id": "ocid1.bootvolume.oc1.eu-frankfurt-1.abtheljryvdlb2mpdohfnr6kywdjar6atfyoaxashz7sfa2fmlh62jq22mla",
            "compartment_id": "ocid1.compartment.oc1..aaaaaaaagrezj4qsbl3lfi5ftu5of7sh7qmowhr56fkvdnch5u42vmmcm3da",
            "create_vnic_details": [
              {
                "assign_public_ip": "true",
                "defined_tags": {
                  "Oracle-Tags.CreatedBy": "qwak623@gmail.com",
                  "Oracle-Tags.CreatedOn": "2020-05-27T22:09:30.336Z"
                },
                "display_name": "bastion0-default",
                "freeform_tags": {},
                "hostname_label": "bastion0",
                "nsg_ids": [],
                "private_ip": "10.0.100.2",
                "skip_source_dest_check": false,
                "subnet_id": "ocid1.subnet.oc1.eu-frankfurt-1.aaaaaaaa4ramjtzu7yhoyhnaicrpveyjwmtsye6aubbpzbeyj2yrnnppdk7q"
              }
            ],
            "dedicated_vm_host_id": null,
            "defined_tags": {
              "Oracle-Tags.CreatedBy": "qwak623@gmail.com",
              "Oracle-Tags.CreatedOn": "2020-05-27T22:09:30.000Z"
            },
            "display_name": "bastion0-default",
            "extended_metadata": {},
            "fault_domain": "FAULT-DOMAIN-3",
            "freeform_tags": {},
            "hostname_label": "bastion0",
            "id": "ocid1.instance.oc1.eu-frankfurt-1.antheljrsfuycaqc6jhg4xvg73gmdmh5nj2qdlmso2ijp3z3kyiwx3bymfoq",
            "image": "ocid1.image.oc1.eu-frankfurt-1.aaaaaaaavz6p7tyrczcwd5uvq6x2wqkbwcrjjbuohbjomtzv32k5bq24rsha",
            "ipxe_script": null,
            "is_pv_encryption_in_transit_enabled": null,
            "launch_mode": "NATIVE",
            "launch_options": [
              {
                "boot_volume_type": "PARAVIRTUALIZED",
                "firmware": "UEFI_64",
                "is_consistent_volume_naming_enabled": true,
                "is_pv_encryption_in_transit_enabled": false,
                "network_type": "PARAVIRTUALIZED",
                "remote_data_volume_type": "PARAVIRTUALIZED"
              }
            ],
            "metadata": {
              "ssh_authorized_keys": "ssh-rsa AAAAB3NzaC1yc2EAAAADAQABAAABAQD0NHbTvuYl1fF7QAnMeO0a0c3/CX/TIla0rgyg2rrsbEWO1Kv6+LOi1ixy8SCzuVwzVzbzbHi7gAuY1iBfC5+PiEvgCfsQSE+z/GujPo9uK1NAuZbDTvwTd0aTu6C2QOeD0Jx7AFK7tGfHRN36IpacVjGnYMYFxd8oJE2kvlTMANXhi+sEdy7E1zpkJDuH4S0WfBVsOk+0bM5fgY4+HEY9iibuJOUH5qs9ALbBibLPaocCStz9sIgXz/Yb8i+KIrjQNnUL8y5I2MNLdVqv2IeWOxV8MEGexETjA6TcZi/2ynAseLPhEaYgglJxRsg7icCiZGwh9mLkVAa+z0gLauAz qwak623@gmail.com\n",
              "user_data": "IyEvYmluL2Jhc2ggLXgKCgplY2hvICcjIyMjIyMjIyMjIyMjIyMjIyMjIGNsaWVudCBzZXJ2ZXIgdXNlcmRhdGEgYmVnaW5zICMjIyMjIyMjIyMjIyMjIyMjIyMjIycKdG91Y2ggfm9wYy91c2VyZGF0YS5gZGF0ZSArJXNgLnN0YXJ0CgpFWFRFUk5BTF9JUD0kKGN1cmwgLXMgLW0gMTAgaHR0cDovL3doYXRpc215aXAuYWthbWFpLmNvbS8pCgojZWNobyAnIyMjIyMjIyMjIyB5dW0gdXBkYXRlIGFsbCAjIyMjIyMjIyMjIyMjIyMnCiNmaXJld2FsbC1vZmZsaW5lLWNtZCAtLWFkZC1wb3J0PTU2MDEvdGNwCiNmaXJld2FsbC1vZmZsaW5lLWNtZCAtLWFkZC1wb3J0PTkyMDAvdGNwCiNmaXJld2FsbC1vZmZsaW5lLWNtZCAtLWFkZC1wb3J0PTkzMDAvdGNwCiNzeXN0ZW1jdGwgcmVsb2FkIGZpcmV3YWxsZAoKCgoKdG91Y2ggfm9wYy91c2VyZGF0YS5gZGF0ZSArJXNgLmZpbmlzaAplY2hvICcjIyMjIyMjIyMjIyMjIyMjIyMjIGNsaWVudCBzZXJ2ZXIgdXNlcmRhdGEgZW5kcyAjIyMjIyMjIyMjIyMjIyMjIyMjIyMjIycK"
            },
            "preserve_boot_volume": null,
            "private_ip": "10.0.100.2",
            "public_ip": "193.122.58.70",
            "region": "eu-frankfurt-1",
            "shape": "VM.Standard2.1",
            "shape_config": [
              {
                "gpu_description": "",
                "gpus": 0,
                "local_disk_description": "",
                "local_disks": 0,
                "local_disks_total_size_in_gbs": 0,
                "max_vnic_attachments": 2,
                "memory_in_gbs": 15,
                "networking_bandwidth_in_gbps": 1,
                "ocpus": 1,
                "processor_description": "2.0 GHz Intel® Xeon® Platinum 8167M (Skylake)"
              }
            ],
            "source_details": [
              {
                "boot_volume_size_in_gbs": "47",
                "kms_key_id": "",
                "source_id": "ocid1.image.oc1.eu-frankfurt-1.aaaaaaaavz6p7tyrczcwd5uvq6x2wqkbwcrjjbuohbjomtzv32k5bq24rsha",
                "source_type": "image"
              }
            ],
            "state": "RUNNING",
            "subnet_id": "ocid1.subnet.oc1.eu-frankfurt-1.aaaaaaaa4ramjtzu7yhoyhnaicrpveyjwmtsye6aubbpzbeyj2yrnnppdk7q",
            "system_tags": {},
            "time_created": "2020-05-27 22:09:31.039 +0000 UTC",
            "time_maintenance_reboot_due": "",
            "timeouts": null
          },
          "private": "eyJlMmJmYjczMC1lY2FhLTExZTYtOGY4OC0zNDM2M2JjN2M0YzAiOnsiY3JlYXRlIjo3MjAwMDAwMDAwMDAwLCJkZWxldGUiOjcyMDAwMDAwMDAwMDAsInVwZGF0ZSI6NzIwMDAwMDAwMDAwMH19",
          "dependencies": [
            "oci_core_internet_gateway.InetGW",
            "oci_core_route_table.PublicRoutingTable",
            "oci_core_security_list.BastionSubnetSeclist",
            "oci_core_subnet.BastionSubnet",
            "oci_core_virtual_network.VCN"
          ]
        }
      ]
    },
    {
      "mode": "managed",
      "type": "oci_core_instance",
      "name": "WebServer",
      "each": "list",
      "provider": "provider.oci",
      "instances": [
        {
          "index_key": 0,
          "schema_version": 0,
          "attributes": {
            "agent_config": [
              {
                "is_management_disabled": false,
                "is_monitoring_disabled": false
              }
            ],
            "availability_domain": "TiiM:EU-FRANKFURT-1-AD-1",
            "boot_volume_id": "ocid1.bootvolume.oc1.eu-frankfurt-1.abtheljrab4pygv7hpyf2ghfvx2fkry5and53ws2igvquf653vcxdk575wyq",
            "compartment_id": "ocid1.compartment.oc1..aaaaaaaagrezj4qsbl3lfi5ftu5of7sh7qmowhr56fkvdnch5u42vmmcm3da",
            "create_vnic_details": [
              {
                "assign_public_ip": "false",
                "defined_tags": {
                  "Oracle-Tags.CreatedBy": "qwak623@gmail.com",
                  "Oracle-Tags.CreatedOn": "2020-05-27T22:10:45.532Z"
                },
                "display_name": "webServer0-default",
                "freeform_tags": {},
                "hostname_label": "web0",
                "nsg_ids": [],
                "private_ip": "10.0.0.2",
                "skip_source_dest_check": false,
                "subnet_id": "ocid1.subnet.oc1.eu-frankfurt-1.aaaaaaaarl3ttat2ezrgyhtd7me2u7vutlinv4plnbjzdeqwfgv36zqpg4oa"
              }
            ],
            "dedicated_vm_host_id": null,
            "defined_tags": {
              "Oracle-Tags.CreatedBy": "qwak623@gmail.com",
              "Oracle-Tags.CreatedOn": "2020-05-27T22:10:45.079Z"
            },
            "display_name": "webServer0-default",
            "extended_metadata": {},
            "fault_domain": "FAULT-DOMAIN-2",
            "freeform_tags": {},
            "hostname_label": "web0",
            "id": "ocid1.instance.oc1.eu-frankfurt-1.antheljrsfuycaqce72636tydvmmrerqhgmozlmq5ucjdxdi2b5hlcw2nbpa",
            "image": "ocid1.image.oc1.eu-frankfurt-1.aaaaaaaavz6p7tyrczcwd5uvq6x2wqkbwcrjjbuohbjomtzv32k5bq24rsha",
            "ipxe_script": null,
            "is_pv_encryption_in_transit_enabled": null,
            "launch_mode": "NATIVE",
            "launch_options": [
              {
                "boot_volume_type": "PARAVIRTUALIZED",
                "firmware": "UEFI_64",
                "is_consistent_volume_naming_enabled": true,
                "is_pv_encryption_in_transit_enabled": false,
                "network_type": "PARAVIRTUALIZED",
                "remote_data_volume_type": "PARAVIRTUALIZED"
              }
            ],
            "metadata": {
              "ssh_authorized_keys": "ssh-rsa AAAAB3NzaC1yc2EAAAADAQABAAABAQD0NHbTvuYl1fF7QAnMeO0a0c3/CX/TIla0rgyg2rrsbEWO1Kv6+LOi1ixy8SCzuVwzVzbzbHi7gAuY1iBfC5+PiEvgCfsQSE+z/GujPo9uK1NAuZbDTvwTd0aTu6C2QOeD0Jx7AFK7tGfHRN36IpacVjGnYMYFxd8oJE2kvlTMANXhi+sEdy7E1zpkJDuH4S0WfBVsOk+0bM5fgY4+HEY9iibuJOUH5qs9ALbBibLPaocCStz9sIgXz/Yb8i+KIrjQNnUL8y5I2MNLdVqv2IeWOxV8MEGexETjA6TcZi/2ynAseLPhEaYgglJxRsg7icCiZGwh9mLkVAa+z0gLauAz qwak623@gmail.com\n",
              "user_data": "IyEvYmluL2Jhc2ggLXgKCm5naW54X2NvbmY9L2hvbWUvb3BjL25naW54LWRlbW8uY29uZgoKCnJldHJ5KCkgewogICAgbG9jYWwgLXIgLWkgbWF4X2F0dGVtcHRzPSIkMSI7IHNoaWZ0CiAgICBsb2NhbCAtciBjbWQ9IiRAIgogICAgbG9jYWwgLWkgYXR0ZW1wdF9udW09MQoKICAgIHVudGlsICRjbWQ7IGRvCiAgICAgICAgaWYgKCggYXR0ZW1wdF9udW0gPT0gbWF4X2F0dGVtcHRzICkpCiAgICAgICAgdGhlbgogICAgICAgICAgICBlY2hvICJBdHRlbXB0ICRhdHRlbXB0X251bSBmYWlsZWQgYW5kIHRoZXJlIGFyZSBubyBtb3JlIGF0dGVtcHRzIGxlZnQhIiA+JjIKICAgICAgICAgICAgcmV0dXJuIDEKICAgICAgICBlbHNlCiAgICAgICAgICAgIGVjaG8gIkF0dGVtcHQgJGF0dGVtcHRfbnVtIGZhaWxlZCEgVHJ5aW5nIGFnYWluIGluICRhdHRlbXB0X251bSBzZWNvbmRzLi4uIiA+JjIKICAgICAgICAgICAgc2xlZXAgJCgoIGF0dGVtcHRfbnVtKysgKSkKICAgICAgICBmaQogICAgZG9uZQp9CgoKZWNobyAnIyMjIyMjIyMjIyMjIyMjIyMjIyBzZXJ2ZXIgdXNlcmRhdGEgYmVnaW5zICMjIyMjIyMjIyMjIyMjIyMjIyMjIycKdG91Y2ggfm9wYy91c2VyZGF0YS5gZGF0ZSArJXNgLnN0YXJ0CgplY2hvICcjIyMjIyMjIyMjIHNldHVwIHNjcmVlbiAjIyMjIyMjIyMjIyMjIyMnCgp5dW0gLXkgaW5zdGFsbCBzY3JlZW4KZ3JlcCAtcSAnXmRlZnNjcm9sbGJhY2sgMTAyNDAwJyAvZXRjL3NjcmVlbnJjIHx8IHNlZCAtaSAtZSAncy9eXChkZWZzY3JvbGxiYWNrXCkuKi9cMSAxMDI0MDAvJyAvZXRjL3NjcmVlbnJjCgplY2hvICcjIyMjIyMjIyMjIHNldHVwIG5naW54ICMjIyMjIyMjIyMjIyMjIycKCnl1bSAteSBpbnN0YWxsIG5naW54CiMgY29tbWVudCBvcmlnaW5hbCBPRUw2IGNvbmZpZzoKc2VkIC1pICcvXiAqc2VydmVyIHsvLCsyMHMvXi8jLycgL2V0Yy9uZ2lueC9uZ2lueC5jb25mCiMgd2FpdCB1bnRpbCBjb25maWcgaXMgdXBsb2FkZWQgdGhlcmUsIHRoZW4gZG8gcmVzdGFydAoKaWYgcmV0cnkgNSBbIC1mICRuZ2lueF9jb25mIF07dGhlbgogICAgY3AgJG5naW54X2NvbmYgL2V0Yy9uZ2lueC9jb25mLmQvCmZpCgpzeXN0ZW1jdGwgZW5hYmxlIG5naW54CnN5c3RlbWN0bCBzdGFydCBuZ2lueAoKZWNobyAnIyMjIyMjIyMjIyBvcGVuIHBvcnRzIGluIGZpcmV3YWxsICMjIyMjIyMjIyMjIyMjIycKZmlyZXdhbGwtb2ZmbGluZS1jbWQgLS1hZGQtcG9ydD04MC90Y3AKc3lzdGVtY3RsIHJlbG9hZCBmaXJld2FsbGQKCnRvdWNoIH5vcGMvdXNlcmRhdGEuYGRhdGUgKyVzYC5maW5pc2gKZWNobyAnIyMjIyMjIyMjIyMjIyMjIyMjIyBCRFNRTCBDb250cm9sIFBsYW5lIHNlcnZlciB1c2VyZGF0YSBlbmRzICMjIyMjIyMjIyMjIyMjIyMjIyMjIyMjJwo="
            },
            "preserve_boot_volume": null,
            "private_ip": "10.0.0.2",
            "public_ip": "",
            "region": "eu-frankfurt-1",
            "shape": "VM.Standard2.1",
            "shape_config": [
              {
                "gpu_description": "",
                "gpus": 0,
                "local_disk_description": "",
                "local_disks": 0,
                "local_disks_total_size_in_gbs": 0,
                "max_vnic_attachments": 2,
                "memory_in_gbs": 15,
                "networking_bandwidth_in_gbps": 1,
                "ocpus": 1,
                "processor_description": "2.0 GHz Intel® Xeon® Platinum 8167M (Skylake)"
              }
            ],
            "source_details": [
              {
                "boot_volume_size_in_gbs": "47",
                "kms_key_id": "",
                "source_id": "ocid1.image.oc1.eu-frankfurt-1.aaaaaaaavz6p7tyrczcwd5uvq6x2wqkbwcrjjbuohbjomtzv32k5bq24rsha",
                "source_type": "image"
              }
            ],
            "state": "RUNNING",
            "subnet_id": "ocid1.subnet.oc1.eu-frankfurt-1.aaaaaaaarl3ttat2ezrgyhtd7me2u7vutlinv4plnbjzdeqwfgv36zqpg4oa",
            "system_tags": {},
            "time_created": "2020-05-27 22:10:46.123 +0000 UTC",
            "time_maintenance_reboot_due": "",
            "timeouts": null
          },
          "private": "eyJlMmJmYjczMC1lY2FhLTExZTYtOGY4OC0zNDM2M2JjN2M0YzAiOnsiY3JlYXRlIjo3MjAwMDAwMDAwMDAwLCJkZWxldGUiOjcyMDAwMDAwMDAwMDAsInVwZGF0ZSI6NzIwMDAwMDAwMDAwMH19",
          "dependencies": [
            "oci_core_instance.Bastion",
            "oci_core_internet_gateway.InetGW",
            "oci_core_nat_gateway.NATGateway",
            "oci_core_route_table.PrivateRoutingTable",
            "oci_core_route_table.PublicRoutingTable",
            "oci_core_security_list.BastionSubnetSeclist",
            "oci_core_security_list.PrivateSubnetSeclist",
            "oci_core_subnet.BastionSubnet",
            "oci_core_subnet.PrivateSubnet",
            "oci_core_virtual_network.VCN"
          ]
        }
      ]
    },
    {
      "mode": "managed",
      "type": "oci_core_internet_gateway",
      "name": "InetGW",
      "provider": "provider.oci",
      "instances": [
        {
          "schema_version": 0,
          "attributes": {
            "compartment_id": "ocid1.compartment.oc1..aaaaaaaagrezj4qsbl3lfi5ftu5of7sh7qmowhr56fkvdnch5u42vmmcm3da",
            "defined_tags": {
              "Oracle-Tags.CreatedBy": "qwak623@gmail.com",
              "Oracle-Tags.CreatedOn": "2020-05-27T22:09:27.384Z"
            },
            "display_name": "Internet GW -default",
            "enabled": true,
            "freeform_tags": {},
            "id": "ocid1.internetgateway.oc1.eu-frankfurt-1.aaaaaaaa3gvfqfb644xfo2cviuolwjohh6j3sxrwczmsc35oiyepoyjdbxha",
            "state": "AVAILABLE",
            "time_created": "2020-05-27 22:09:27.399 +0000 UTC",
            "timeouts": null,
            "vcn_id": "ocid1.vcn.oc1.eu-frankfurt-1.amaaaaaasfuycaqabosa5bnzp3p7iohfxlaegloaji5o3xfdj6nwmzpctbpa"
          },
          "private": "eyJlMmJmYjczMC1lY2FhLTExZTYtOGY4OC0zNDM2M2JjN2M0YzAiOnsiY3JlYXRlIjo5MDAwMDAwMDAwMDAsImRlbGV0ZSI6OTAwMDAwMDAwMDAwLCJ1cGRhdGUiOjkwMDAwMDAwMDAwMH19",
          "dependencies": [
            "oci_core_virtual_network.VCN"
          ]
        }
      ]
    },
    {
      "mode": "managed",
      "type": "oci_core_nat_gateway",
      "name": "NATGateway",
      "provider": "provider.oci",
      "instances": [
        {
          "schema_version": 0,
          "attributes": {
            "block_traffic": false,
            "compartment_id": "ocid1.compartment.oc1..aaaaaaaagrezj4qsbl3lfi5ftu5of7sh7qmowhr56fkvdnch5u42vmmcm3da",
            "defined_tags": {
              "Oracle-Tags.CreatedBy": "qwak623@gmail.com",
              "Oracle-Tags.CreatedOn": "2020-05-27T22:09:27.440Z"
            },
            "display_name": "NAT Gateway-default",
            "freeform_tags": {},
            "id": "ocid1.natgateway.oc1.eu-frankfurt-1.aaaaaaaai3yvj5lnzkdcdioj3hvbr4kcyv4mf2yst6ebuopkogvbp43ttvnq",
            "nat_ip": "193.122.50.45",
            "state": "AVAILABLE",
            "time_created": "2020-05-27 22:09:27.614 +0000 UTC",
            "timeouts": null,
            "vcn_id": "ocid1.vcn.oc1.eu-frankfurt-1.amaaaaaasfuycaqabosa5bnzp3p7iohfxlaegloaji5o3xfdj6nwmzpctbpa"
          },
          "private": "eyJlMmJmYjczMC1lY2FhLTExZTYtOGY4OC0zNDM2M2JjN2M0YzAiOnsiY3JlYXRlIjo5MDAwMDAwMDAwMDAsImRlbGV0ZSI6OTAwMDAwMDAwMDAwLCJ1cGRhdGUiOjkwMDAwMDAwMDAwMH19",
          "dependencies": [
            "oci_core_virtual_network.VCN"
          ]
        }
      ]
    },
    {
      "mode": "managed",
      "type": "oci_core_route_table",
      "name": "PrivateRoutingTable",
      "provider": "provider.oci",
      "instances": [
        {
          "schema_version": 0,
          "attributes": {
            "compartment_id": "ocid1.compartment.oc1..aaaaaaaagrezj4qsbl3lfi5ftu5of7sh7qmowhr56fkvdnch5u42vmmcm3da",
            "defined_tags": {
              "Oracle-Tags.CreatedBy": "qwak623@gmail.com",
              "Oracle-Tags.CreatedOn": "2020-05-27T22:09:28.324Z"
            },
            "display_name": "Private Routing Table-default",
            "freeform_tags": {},
            "id": "ocid1.routetable.oc1.eu-frankfurt-1.aaaaaaaasgl5afsbgnkz35qinlyr74tg6ajwjr4nxlfb6kkt2r3d7o7xrq2a",
            "route_rules": [
              {
                "cidr_block": "",
                "description": "",
                "destination": "0.0.0.0/0",
                "destination_type": "CIDR_BLOCK",
                "network_entity_id": "ocid1.natgateway.oc1.eu-frankfurt-1.aaaaaaaai3yvj5lnzkdcdioj3hvbr4kcyv4mf2yst6ebuopkogvbp43ttvnq"
              }
            ],
            "state": "AVAILABLE",
            "time_created": "2020-05-27 22:09:28.341 +0000 UTC",
            "timeouts": null,
            "vcn_id": "ocid1.vcn.oc1.eu-frankfurt-1.amaaaaaasfuycaqabosa5bnzp3p7iohfxlaegloaji5o3xfdj6nwmzpctbpa"
          },
          "private": "eyJlMmJmYjczMC1lY2FhLTExZTYtOGY4OC0zNDM2M2JjN2M0YzAiOnsiY3JlYXRlIjo5MDAwMDAwMDAwMDAsImRlbGV0ZSI6OTAwMDAwMDAwMDAwLCJ1cGRhdGUiOjkwMDAwMDAwMDAwMH19",
          "dependencies": [
            "oci_core_nat_gateway.NATGateway",
            "oci_core_virtual_network.VCN"
          ]
        }
      ]
    },
    {
      "mode": "managed",
      "type": "oci_core_route_table",
      "name": "PublicRoutingTable",
      "provider": "provider.oci",
      "instances": [
        {
          "schema_version": 0,
          "attributes": {
            "compartment_id": "ocid1.compartment.oc1..aaaaaaaagrezj4qsbl3lfi5ftu5of7sh7qmowhr56fkvdnch5u42vmmcm3da",
            "defined_tags": {
              "Oracle-Tags.CreatedBy": "qwak623@gmail.com",
              "Oracle-Tags.CreatedOn": "2020-05-27T22:09:27.687Z"
            },
            "display_name": "Public Routing Table-default",
            "freeform_tags": {},
            "id": "ocid1.routetable.oc1.eu-frankfurt-1.aaaaaaaaceuctwdseugfuplj6yltdd6367plhjvt2x5ptcxwliy4qvaeqaga",
            "route_rules": [
              {
                "cidr_block": "",
                "description": "",
                "destination": "0.0.0.0/0",
                "destination_type": "CIDR_BLOCK",
                "network_entity_id": "ocid1.internetgateway.oc1.eu-frankfurt-1.aaaaaaaa3gvfqfb644xfo2cviuolwjohh6j3sxrwczmsc35oiyepoyjdbxha"
              }
            ],
            "state": "AVAILABLE",
            "time_created": "2020-05-27 22:09:27.705 +0000 UTC",
            "timeouts": null,
            "vcn_id": "ocid1.vcn.oc1.eu-frankfurt-1.amaaaaaasfuycaqabosa5bnzp3p7iohfxlaegloaji5o3xfdj6nwmzpctbpa"
          },
          "private": "eyJlMmJmYjczMC1lY2FhLTExZTYtOGY4OC0zNDM2M2JjN2M0YzAiOnsiY3JlYXRlIjo5MDAwMDAwMDAwMDAsImRlbGV0ZSI6OTAwMDAwMDAwMDAwLCJ1cGRhdGUiOjkwMDAwMDAwMDAwMH19",
          "dependencies": [
            "oci_core_internet_gateway.InetGW",
            "oci_core_virtual_network.VCN"
          ]
        }
      ]
    },
    {
      "mode": "managed",
      "type": "oci_core_security_list",
      "name": "BastionSubnetSeclist",
      "provider": "provider.oci",
      "instances": [
        {
          "schema_version": 0,
          "attributes": {
            "compartment_id": "ocid1.compartment.oc1..aaaaaaaagrezj4qsbl3lfi5ftu5of7sh7qmowhr56fkvdnch5u42vmmcm3da",
            "defined_tags": {
              "Oracle-Tags.CreatedBy": "qwak623@gmail.com",
              "Oracle-Tags.CreatedOn": "2020-05-27T22:09:27.359Z"
            },
            "display_name": "Bastion Subnet Seclist-default",
            "egress_security_rules": [
              {
                "description": "",
                "destination": "0.0.0.0/0",
                "destination_type": "CIDR_BLOCK",
                "icmp_options": [],
                "protocol": "6",
                "stateless": false,
                "tcp_options": [],
                "udp_options": []
              }
            ],
            "freeform_tags": {},
            "id": "ocid1.securitylist.oc1.eu-frankfurt-1.aaaaaaaa2zegmr6ulw6c7t5w5kgjbthk57xm4nb7nsnsr3xrtjpwerxpmmhq",
            "ingress_security_rules": [
              {
                "description": "",
                "icmp_options": [],
                "protocol": "6",
                "source": "0.0.0.0/0",
                "source_type": "CIDR_BLOCK",
                "stateless": false,
                "tcp_options": [
                  {
                    "max": 22,
                    "min": 22,
                    "source_port_range": []
                  }
                ],
                "udp_options": []
              }
            ],
            "state": "AVAILABLE",
            "time_created": "2020-05-27 22:09:27.367 +0000 UTC",
            "timeouts": null,
            "vcn_id": "ocid1.vcn.oc1.eu-frankfurt-1.amaaaaaasfuycaqabosa5bnzp3p7iohfxlaegloaji5o3xfdj6nwmzpctbpa"
          },
          "private": "eyJlMmJmYjczMC1lY2FhLTExZTYtOGY4OC0zNDM2M2JjN2M0YzAiOnsiY3JlYXRlIjo5MDAwMDAwMDAwMDAsImRlbGV0ZSI6OTAwMDAwMDAwMDAwLCJ1cGRhdGUiOjkwMDAwMDAwMDAwMH19",
          "dependencies": [
            "oci_core_virtual_network.VCN"
          ]
        }
      ]
    },
    {
      "mode": "managed",
      "type": "oci_core_security_list",
      "name": "LBSubnetSeclist",
      "provider": "provider.oci",
      "instances": [
        {
          "schema_version": 0,
          "attributes": {
            "compartment_id": "ocid1.compartment.oc1..aaaaaaaagrezj4qsbl3lfi5ftu5of7sh7qmowhr56fkvdnch5u42vmmcm3da",
            "defined_tags": {
              "Oracle-Tags.CreatedBy": "qwak623@gmail.com",
              "Oracle-Tags.CreatedOn": "2020-05-27T22:09:27.402Z"
            },
            "display_name": "Loadbalancer Subnet Seclist-default",
            "egress_security_rules": [
              {
                "description": "",
                "destination": "0.0.0.0/0",
                "destination_type": "CIDR_BLOCK",
                "icmp_options": [],
                "protocol": "6",
                "stateless": false,
                "tcp_options": [],
                "udp_options": []
              }
            ],
            "freeform_tags": {},
            "id": "ocid1.securitylist.oc1.eu-frankfurt-1.aaaaaaaayozbvqwa25mrzjvyp6uv6lck2haqsdfqx3bck5ahiflogoml4kva",
            "ingress_security_rules": [
              {
                "description": "",
                "icmp_options": [],
                "protocol": "6",
                "source": "0.0.0.0/0",
                "source_type": "CIDR_BLOCK",
                "stateless": false,
                "tcp_options": [
                  {
                    "max": 443,
                    "min": 443,
                    "source_port_range": []
                  }
                ],
                "udp_options": []
              },
              {
                "description": "",
                "icmp_options": [],
                "protocol": "6",
                "source": "0.0.0.0/0",
                "source_type": "CIDR_BLOCK",
                "stateless": false,
                "tcp_options": [
                  {
                    "max": 80,
                    "min": 80,
                    "source_port_range": []
                  }
                ],
                "udp_options": []
              }
            ],
            "state": "AVAILABLE",
            "time_created": "2020-05-27 22:09:27.42 +0000 UTC",
            "timeouts": null,
            "vcn_id": "ocid1.vcn.oc1.eu-frankfurt-1.amaaaaaasfuycaqabosa5bnzp3p7iohfxlaegloaji5o3xfdj6nwmzpctbpa"
          },
          "private": "eyJlMmJmYjczMC1lY2FhLTExZTYtOGY4OC0zNDM2M2JjN2M0YzAiOnsiY3JlYXRlIjo5MDAwMDAwMDAwMDAsImRlbGV0ZSI6OTAwMDAwMDAwMDAwLCJ1cGRhdGUiOjkwMDAwMDAwMDAwMH19",
          "dependencies": [
            "oci_core_virtual_network.VCN"
          ]
        }
      ]
    },
    {
      "mode": "managed",
      "type": "oci_core_security_list",
      "name": "PrivateSubnetSeclist",
      "provider": "provider.oci",
      "instances": [
        {
          "schema_version": 0,
          "attributes": {
            "compartment_id": "ocid1.compartment.oc1..aaaaaaaagrezj4qsbl3lfi5ftu5of7sh7qmowhr56fkvdnch5u42vmmcm3da",
            "defined_tags": {
              "Oracle-Tags.CreatedBy": "qwak623@gmail.com",
              "Oracle-Tags.CreatedOn": "2020-05-27T22:09:27.397Z"
            },
            "display_name": "Private Subnet Seclist-default",
            "egress_security_rules": [
              {
                "description": "",
                "destination": "0.0.0.0/0",
                "destination_type": "CIDR_BLOCK",
                "icmp_options": [],
                "protocol": "6",
                "stateless": false,
                "tcp_options": [],
                "udp_options": []
              }
            ],
            "freeform_tags": {},
            "id": "ocid1.securitylist.oc1.eu-frankfurt-1.aaaaaaaa4h6bjy3xq3537wt3ruwxucgtlocaubgl3ikpvd46i6wsixl24viq",
            "ingress_security_rules": [
              {
                "description": "",
                "icmp_options": [],
                "protocol": "6",
                "source": "10.0.0.0/16",
                "source_type": "CIDR_BLOCK",
                "stateless": false,
                "tcp_options": [
                  {
                    "max": 22,
                    "min": 22,
                    "source_port_range": []
                  }
                ],
                "udp_options": []
              },
              {
                "description": "",
                "icmp_options": [],
                "protocol": "6",
                "source": "10.0.0.0/16",
                "source_type": "CIDR_BLOCK",
                "stateless": false,
                "tcp_options": [
                  {
                    "max": 443,
                    "min": 443,
                    "source_port_range": []
                  }
                ],
                "udp_options": []
              },
              {
                "description": "",
                "icmp_options": [],
                "protocol": "6",
                "source": "10.0.0.0/16",
                "source_type": "CIDR_BLOCK",
                "stateless": false,
                "tcp_options": [
                  {
                    "max": 80,
                    "min": 80,
                    "source_port_range": []
                  }
                ],
                "udp_options": []
              },
              {
                "description": "",
                "icmp_options": [],
                "protocol": "all",
                "source": "10.0.0.0/16",
                "source_type": "CIDR_BLOCK",
                "stateless": false,
                "tcp_options": [],
                "udp_options": []
              }
            ],
            "state": "AVAILABLE",
            "time_created": "2020-05-27 22:09:27.412 +0000 UTC",
            "timeouts": null,
            "vcn_id": "ocid1.vcn.oc1.eu-frankfurt-1.amaaaaaasfuycaqabosa5bnzp3p7iohfxlaegloaji5o3xfdj6nwmzpctbpa"
          },
          "private": "eyJlMmJmYjczMC1lY2FhLTExZTYtOGY4OC0zNDM2M2JjN2M0YzAiOnsiY3JlYXRlIjo5MDAwMDAwMDAwMDAsImRlbGV0ZSI6OTAwMDAwMDAwMDAwLCJ1cGRhdGUiOjkwMDAwMDAwMDAwMH19",
          "dependencies": [
            "oci_core_virtual_network.VCN"
          ]
        }
      ]
    },
    {
      "mode": "managed",
      "type": "oci_core_subnet",
      "name": "BastionSubnet",
      "each": "list",
      "provider": "provider.oci",
      "instances": [
        {
          "index_key": 0,
          "schema_version": 0,
          "attributes": {
            "availability_domain": "TiiM:EU-FRANKFURT-1-AD-1",
            "cidr_block": "10.0.100.0/28",
            "compartment_id": "ocid1.compartment.oc1..aaaaaaaagrezj4qsbl3lfi5ftu5of7sh7qmowhr56fkvdnch5u42vmmcm3da",
            "defined_tags": {
              "Oracle-Tags.CreatedBy": "qwak623@gmail.com",
              "Oracle-Tags.CreatedOn": "2020-05-27T22:09:27.918Z"
            },
            "dhcp_options_id": "ocid1.dhcpoptions.oc1.eu-frankfurt-1.aaaaaaaag6inv5ecgf4pxa3vwqc47of6l4rshtmaztdgmby3pdwvi4d7yqvq",
            "display_name": "Bastion Subnet-0-default",
            "dns_label": "bastion0",
            "freeform_tags": {},
            "id": "ocid1.subnet.oc1.eu-frankfurt-1.aaaaaaaa4ramjtzu7yhoyhnaicrpveyjwmtsye6aubbpzbeyj2yrnnppdk7q",
            "ipv6cidr_block": null,
            "ipv6public_cidr_block": null,
            "ipv6virtual_router_ip": null,
            "prohibit_public_ip_on_vnic": false,
            "route_table_id": "ocid1.routetable.oc1.eu-frankfurt-1.aaaaaaaaceuctwdseugfuplj6yltdd6367plhjvt2x5ptcxwliy4qvaeqaga",
            "security_list_ids": [
              "ocid1.securitylist.oc1.eu-frankfurt-1.aaaaaaaa2zegmr6ulw6c7t5w5kgjbthk57xm4nb7nsnsr3xrtjpwerxpmmhq"
            ],
            "state": "AVAILABLE",
            "subnet_domain_name": "bastion0.demo.oraclevcn.com",
            "time_created": "2020-05-27 22:09:29.641 +0000 UTC",
            "timeouts": null,
            "vcn_id": "ocid1.vcn.oc1.eu-frankfurt-1.amaaaaaasfuycaqabosa5bnzp3p7iohfxlaegloaji5o3xfdj6nwmzpctbpa",
            "virtual_router_ip": "10.0.100.1",
            "virtual_router_mac": "00:00:17:EC:2C:3F"
          },
          "private": "eyJlMmJmYjczMC1lY2FhLTExZTYtOGY4OC0zNDM2M2JjN2M0YzAiOnsiY3JlYXRlIjo5MDAwMDAwMDAwMDAsImRlbGV0ZSI6OTAwMDAwMDAwMDAwLCJ1cGRhdGUiOjkwMDAwMDAwMDAwMH19",
          "dependencies": [
            "oci_core_internet_gateway.InetGW",
            "oci_core_route_table.PublicRoutingTable",
            "oci_core_security_list.BastionSubnetSeclist",
            "oci_core_virtual_network.VCN"
          ]
        }
      ]
    },
    {
      "mode": "managed",
      "type": "oci_core_subnet",
      "name": "LBSubnet",
      "provider": "provider.oci",
      "instances": [
        {
          "schema_version": 0,
          "attributes": {
            "availability_domain": null,
            "cidr_block": "10.0.200.0/28",
            "compartment_id": "ocid1.compartment.oc1..aaaaaaaagrezj4qsbl3lfi5ftu5of7sh7qmowhr56fkvdnch5u42vmmcm3da",
            "defined_tags": {
              "Oracle-Tags.CreatedBy": "qwak623@gmail.com",
              "Oracle-Tags.CreatedOn": "2020-05-27T22:09:27.915Z"
            },
            "dhcp_options_id": "ocid1.dhcpoptions.oc1.eu-frankfurt-1.aaaaaaaag6inv5ecgf4pxa3vwqc47of6l4rshtmaztdgmby3pdwvi4d7yqvq",
            "display_name": "Loadbalancer Subnet-default",
            "dns_label": "public",
            "freeform_tags": {},
            "id": "ocid1.subnet.oc1.eu-frankfurt-1.aaaaaaaa2wqb5j3nmyhslyjsbm5wchbpgf25obovtp55dso5vyftfrgzvpnq",
            "ipv6cidr_block": null,
            "ipv6public_cidr_block": null,
            "ipv6virtual_router_ip": null,
            "prohibit_public_ip_on_vnic": false,
            "route_table_id": "ocid1.routetable.oc1.eu-frankfurt-1.aaaaaaaaceuctwdseugfuplj6yltdd6367plhjvt2x5ptcxwliy4qvaeqaga",
            "security_list_ids": [
              "ocid1.securitylist.oc1.eu-frankfurt-1.aaaaaaaayozbvqwa25mrzjvyp6uv6lck2haqsdfqx3bck5ahiflogoml4kva"
            ],
            "state": "AVAILABLE",
            "subnet_domain_name": "public.demo.oraclevcn.com",
            "time_created": "2020-05-27 22:09:27.945 +0000 UTC",
            "timeouts": null,
            "vcn_id": "ocid1.vcn.oc1.eu-frankfurt-1.amaaaaaasfuycaqabosa5bnzp3p7iohfxlaegloaji5o3xfdj6nwmzpctbpa",
            "virtual_router_ip": "10.0.200.1",
            "virtual_router_mac": "00:00:17:EC:2C:3F"
          },
          "private": "eyJlMmJmYjczMC1lY2FhLTExZTYtOGY4OC0zNDM2M2JjN2M0YzAiOnsiY3JlYXRlIjo5MDAwMDAwMDAwMDAsImRlbGV0ZSI6OTAwMDAwMDAwMDAwLCJ1cGRhdGUiOjkwMDAwMDAwMDAwMH19",
          "dependencies": [
            "oci_core_internet_gateway.InetGW",
            "oci_core_route_table.PublicRoutingTable",
            "oci_core_security_list.LBSubnetSeclist",
            "oci_core_virtual_network.VCN"
          ]
        }
      ]
    },
    {
      "mode": "managed",
      "type": "oci_core_subnet",
      "name": "PrivateSubnet",
      "provider": "provider.oci",
      "instances": [
        {
          "schema_version": 0,
          "attributes": {
            "availability_domain": null,
            "cidr_block": "10.0.0.0/24",
            "compartment_id": "ocid1.compartment.oc1..aaaaaaaagrezj4qsbl3lfi5ftu5of7sh7qmowhr56fkvdnch5u42vmmcm3da",
            "defined_tags": {
              "Oracle-Tags.CreatedBy": "qwak623@gmail.com",
              "Oracle-Tags.CreatedOn": "2020-05-27T22:09:29.116Z"
            },
            "dhcp_options_id": "ocid1.dhcpoptions.oc1.eu-frankfurt-1.aaaaaaaag6inv5ecgf4pxa3vwqc47of6l4rshtmaztdgmby3pdwvi4d7yqvq",
            "display_name": "Private Subnet-default",
            "dns_label": "private",
            "freeform_tags": {},
            "id": "ocid1.subnet.oc1.eu-frankfurt-1.aaaaaaaarl3ttat2ezrgyhtd7me2u7vutlinv4plnbjzdeqwfgv36zqpg4oa",
            "ipv6cidr_block": null,
            "ipv6public_cidr_block": null,
            "ipv6virtual_router_ip": null,
            "prohibit_public_ip_on_vnic": true,
            "route_table_id": "ocid1.routetable.oc1.eu-frankfurt-1.aaaaaaaasgl5afsbgnkz35qinlyr74tg6ajwjr4nxlfb6kkt2r3d7o7xrq2a",
            "security_list_ids": [
              "ocid1.securitylist.oc1.eu-frankfurt-1.aaaaaaaa4h6bjy3xq3537wt3ruwxucgtlocaubgl3ikpvd46i6wsixl24viq"
            ],
            "state": "AVAILABLE",
            "subnet_domain_name": "private.demo.oraclevcn.com",
            "time_created": "2020-05-27 22:09:29.144 +0000 UTC",
            "timeouts": null,
            "vcn_id": "ocid1.vcn.oc1.eu-frankfurt-1.amaaaaaasfuycaqabosa5bnzp3p7iohfxlaegloaji5o3xfdj6nwmzpctbpa",
            "virtual_router_ip": "10.0.0.1",
            "virtual_router_mac": "00:00:17:EC:2C:3F"
          },
          "private": "eyJlMmJmYjczMC1lY2FhLTExZTYtOGY4OC0zNDM2M2JjN2M0YzAiOnsiY3JlYXRlIjo5MDAwMDAwMDAwMDAsImRlbGV0ZSI6OTAwMDAwMDAwMDAwLCJ1cGRhdGUiOjkwMDAwMDAwMDAwMH19",
          "dependencies": [
            "oci_core_nat_gateway.NATGateway",
            "oci_core_route_table.PrivateRoutingTable",
            "oci_core_security_list.PrivateSubnetSeclist",
            "oci_core_virtual_network.VCN"
          ]
        }
      ]
    },
    {
      "mode": "managed",
      "type": "oci_core_virtual_network",
      "name": "VCN",
      "provider": "provider.oci",
      "instances": [
        {
          "schema_version": 0,
          "attributes": {
            "cidr_block": "10.0.0.0/16",
            "compartment_id": "ocid1.compartment.oc1..aaaaaaaagrezj4qsbl3lfi5ftu5of7sh7qmowhr56fkvdnch5u42vmmcm3da",
            "default_dhcp_options_id": "ocid1.dhcpoptions.oc1.eu-frankfurt-1.aaaaaaaag6inv5ecgf4pxa3vwqc47of6l4rshtmaztdgmby3pdwvi4d7yqvq",
            "default_route_table_id": "ocid1.routetable.oc1.eu-frankfurt-1.aaaaaaaakxsdwg3vs42py73rnz2r5v4k6wjucqqnraobk2nq62l3ol5aiwia",
            "default_security_list_id": "ocid1.securitylist.oc1.eu-frankfurt-1.aaaaaaaaek5pi5xcmzwk55ggczwxxylqbpxo5d2haqti6ixgac2k5to2hcxq",
            "defined_tags": {
              "Oracle-Tags.CreatedBy": "qwak623@gmail.com",
              "Oracle-Tags.CreatedOn": "2020-05-27T22:09:26.955Z"
            },
            "display_name": "Web VCN-default",
            "dns_label": "demo",
            "freeform_tags": {},
            "id": "ocid1.vcn.oc1.eu-frankfurt-1.amaaaaaasfuycaqabosa5bnzp3p7iohfxlaegloaji5o3xfdj6nwmzpctbpa",
            "ipv6cidr_block": null,
            "ipv6public_cidr_block": null,
            "is_ipv6enabled": null,
            "state": "AVAILABLE",
            "time_created": "2020-05-27 22:09:26.958 +0000 UTC",
            "timeouts": null,
            "vcn_domain_name": "demo.oraclevcn.com"
          },
          "private": "eyJlMmJmYjczMC1lY2FhLTExZTYtOGY4OC0zNDM2M2JjN2M0YzAiOnsiY3JlYXRlIjo5MDAwMDAwMDAwMDAsImRlbGV0ZSI6OTAwMDAwMDAwMDAwLCJ1cGRhdGUiOjkwMDAwMDAwMDAwMH19"
        }
      ]
    },
    {
      "mode": "managed",
      "type": "oci_load_balancer",
      "name": "lb-web",
      "provider": "provider.oci",
      "instances": [
        {
          "schema_version": 0,
          "attributes": {
            "compartment_id": "ocid1.compartment.oc1..aaaaaaaagrezj4qsbl3lfi5ftu5of7sh7qmowhr56fkvdnch5u42vmmcm3da",
            "defined_tags": {
              "Oracle-Tags.CreatedBy": "qwak623@gmail.com",
              "Oracle-Tags.CreatedOn": "2020-05-27T22:09:28.262Z"
            },
            "display_name": "lb-web-default",
            "freeform_tags": {},
            "id": "ocid1.loadbalancer.oc1.eu-frankfurt-1.aaaaaaaayeus7yn6hyoghodj6w2oovxfe2bhhos44qby66xt5fjcgtzyahfq",
            "ip_address_details": [
              {
                "ip_address": "132.145.226.14",
                "is_public": true
              }
            ],
            "ip_addresses": [
              "132.145.226.14"
            ],
            "ip_mode": null,
            "is_private": false,
            "network_security_group_ids": [],
            "shape": "100Mbps",
            "state": "ACTIVE",
            "subnet_ids": [
              "ocid1.subnet.oc1.eu-frankfurt-1.aaaaaaaa2wqb5j3nmyhslyjsbm5wchbpgf25obovtp55dso5vyftfrgzvpnq"
            ],
            "system_tags": {},
            "time_created": "2020-05-27 22:09:28.607 +0000 UTC",
            "timeouts": null
          },
          "private": "eyJlMmJmYjczMC1lY2FhLTExZTYtOGY4OC0zNDM2M2JjN2M0YzAiOnsiY3JlYXRlIjo5MDAwMDAwMDAwMDAsImRlbGV0ZSI6OTAwMDAwMDAwMDAwLCJ1cGRhdGUiOjkwMDAwMDAwMDAwMH19",
          "dependencies": [
            "oci_core_internet_gateway.InetGW",
            "oci_core_route_table.PublicRoutingTable",
            "oci_core_security_list.LBSubnetSeclist",
            "oci_core_subnet.LBSubnet",
            "oci_core_virtual_network.VCN"
          ]
        }
      ]
    },
    {
      "mode": "managed",
      "type": "oci_load_balancer_backend",
      "name": "lb-backend-web",
      "each": "list",
      "provider": "provider.oci",
      "instances": [
        {
          "index_key": 0,
          "schema_version": 0,
          "attributes": {
            "backendset_name": "lb-bes-web",
            "backup": false,
            "drain": false,
            "id": "loadBalancers/ocid1.loadbalancer.oc1.eu-frankfurt-1.aaaaaaaayeus7yn6hyoghodj6w2oovxfe2bhhos44qby66xt5fjcgtzyahfq/backendSets/lb-bes-web/backends/10.0.0.2:80",
            "ip_address": "10.0.0.2",
            "load_balancer_id": "ocid1.loadbalancer.oc1.eu-frankfurt-1.aaaaaaaayeus7yn6hyoghodj6w2oovxfe2bhhos44qby66xt5fjcgtzyahfq",
            "name": "10.0.0.2:80",
            "offline": false,
            "port": 80,
            "state": "SUCCEEDED",
            "timeouts": null,
            "weight": 1
          },
          "private": "eyJlMmJmYjczMC1lY2FhLTExZTYtOGY4OC0zNDM2M2JjN2M0YzAiOnsiY3JlYXRlIjo5MDAwMDAwMDAwMDAsImRlbGV0ZSI6OTAwMDAwMDAwMDAwLCJ1cGRhdGUiOjkwMDAwMDAwMDAwMH19",
          "dependencies": [
            "oci_core_instance.Bastion",
            "oci_core_instance.WebServer",
            "oci_core_internet_gateway.InetGW",
            "oci_core_nat_gateway.NATGateway",
            "oci_core_route_table.PrivateRoutingTable",
            "oci_core_route_table.PublicRoutingTable",
            "oci_core_security_list.BastionSubnetSeclist",
            "oci_core_security_list.LBSubnetSeclist",
            "oci_core_security_list.PrivateSubnetSeclist",
            "oci_core_subnet.BastionSubnet",
            "oci_core_subnet.LBSubnet",
            "oci_core_subnet.PrivateSubnet",
            "oci_core_virtual_network.VCN",
            "oci_load_balancer.lb-web",
            "oci_load_balancer_backend_set.lb-backendset-web"
          ]
        }
      ]
    },
    {
      "mode": "managed",
      "type": "oci_load_balancer_backend_set",
      "name": "lb-backendset-web",
      "provider": "provider.oci",
      "instances": [
        {
          "schema_version": 0,
          "attributes": {
            "backend": [
              {
                "backup": false,
                "drain": false,
                "ip_address": "10.0.0.2",
                "name": "10.0.0.2:80",
                "offline": false,
                "port": 80,
                "weight": 1
              }
            ],
            "health_checker": [
              {
                "interval_ms": 5000,
                "port": 80,
                "protocol": "HTTP",
                "response_body_regex": ".*",
                "retries": 3,
                "return_code": 200,
                "timeout_in_millis": 2000,
                "url_path": "/controller/ping"
              }
            ],
            "id": "loadBalancers/ocid1.loadbalancer.oc1.eu-frankfurt-1.aaaaaaaayeus7yn6hyoghodj6w2oovxfe2bhhos44qby66xt5fjcgtzyahfq/backendSets/lb-bes-web",
            "lb_cookie_session_persistence_configuration": [],
            "load_balancer_id": "ocid1.loadbalancer.oc1.eu-frankfurt-1.aaaaaaaayeus7yn6hyoghodj6w2oovxfe2bhhos44qby66xt5fjcgtzyahfq",
            "name": "lb-bes-web",
            "policy": "ROUND_ROBIN",
            "session_persistence_configuration": [
              {
                "cookie_name": "lb-web-session",
                "disable_fallback": true
              }
            ],
            "ssl_configuration": [],
            "state": "SUCCEEDED",
            "timeouts": null
          },
          "private": "eyJlMmJmYjczMC1lY2FhLTExZTYtOGY4OC0zNDM2M2JjN2M0YzAiOnsiY3JlYXRlIjo5MDAwMDAwMDAwMDAsImRlbGV0ZSI6OTAwMDAwMDAwMDAwLCJ1cGRhdGUiOjkwMDAwMDAwMDAwMH19",
          "dependencies": [
            "oci_core_internet_gateway.InetGW",
            "oci_core_route_table.PublicRoutingTable",
            "oci_core_security_list.LBSubnetSeclist",
            "oci_core_subnet.LBSubnet",
            "oci_core_virtual_network.VCN",
            "oci_load_balancer.lb-web"
          ]
        }
      ]
    },
    {
      "mode": "managed",
      "type": "oci_load_balancer_listener",
      "name": "lb-web-listener",
      "provider": "provider.oci",
      "instances": [
        {
          "schema_version": 0,
          "attributes": {
            "connection_configuration": [
              {
                "backend_tcp_proxy_protocol_version": 0,
                "idle_timeout_in_seconds": "300"
              }
            ],
            "default_backend_set_name": "lb-bes-web",
            "hostname_names": [],
            "id": "loadBalancers/ocid1.loadbalancer.oc1.eu-frankfurt-1.aaaaaaaayeus7yn6hyoghodj6w2oovxfe2bhhos44qby66xt5fjcgtzyahfq/listeners/http",
            "load_balancer_id": "ocid1.loadbalancer.oc1.eu-frankfurt-1.aaaaaaaayeus7yn6hyoghodj6w2oovxfe2bhhos44qby66xt5fjcgtzyahfq",
            "name": "http",
            "path_route_set_name": null,
            "port": 80,
            "protocol": "HTTP",
            "rule_set_names": [],
            "ssl_configuration": [],
            "state": "SUCCEEDED",
            "timeouts": null
          },
          "private": "eyJlMmJmYjczMC1lY2FhLTExZTYtOGY4OC0zNDM2M2JjN2M0YzAiOnsiY3JlYXRlIjo5MDAwMDAwMDAwMDAsImRlbGV0ZSI6OTAwMDAwMDAwMDAwLCJ1cGRhdGUiOjkwMDAwMDAwMDAwMH19",
          "dependencies": [
            "oci_core_internet_gateway.InetGW",
            "oci_core_route_table.PublicRoutingTable",
            "oci_core_security_list.LBSubnetSeclist",
            "oci_core_subnet.LBSubnet",
            "oci_core_virtual_network.VCN",
            "oci_load_balancer.lb-web",
            "oci_load_balancer_backend_set.lb-backendset-web"
          ]
        }
      ]
    },
    {
      "mode": "managed",
      "type": "oci_load_balancer_path_route_set",
      "name": "lb-web-routing",
      "provider": "provider.oci",
      "instances": [
        {
          "schema_version": 0,
          "attributes": {
            "id": "loadBalancers/ocid1.loadbalancer.oc1.eu-frankfurt-1.aaaaaaaayeus7yn6hyoghodj6w2oovxfe2bhhos44qby66xt5fjcgtzyahfq/pathRouteSets/lb-web-routing",
            "load_balancer_id": "ocid1.loadbalancer.oc1.eu-frankfurt-1.aaaaaaaayeus7yn6hyoghodj6w2oovxfe2bhhos44qby66xt5fjcgtzyahfq",
            "name": "lb-web-routing",
            "path_routes": [
              {
                "backend_set_name": "lb-bes-web",
                "path": "/",
                "path_match_type": [
                  {
                    "match_type": "PREFIX_MATCH"
                  }
                ]
              }
            ],
            "state": "SUCCEEDED",
            "timeouts": null
          },
          "private": "eyJlMmJmYjczMC1lY2FhLTExZTYtOGY4OC0zNDM2M2JjN2M0YzAiOnsiY3JlYXRlIjo5MDAwMDAwMDAwMDAsImRlbGV0ZSI6OTAwMDAwMDAwMDAwLCJ1cGRhdGUiOjkwMDAwMDAwMDAwMH19",
          "dependencies": [
            "oci_core_internet_gateway.InetGW",
            "oci_core_route_table.PublicRoutingTable",
            "oci_core_security_list.LBSubnetSeclist",
            "oci_core_subnet.LBSubnet",
            "oci_core_virtual_network.VCN",
            "oci_load_balancer.lb-web",
            "oci_load_balancer_backend_set.lb-backendset-web"
          ]
        }
      ]
    }
  ]
}
