{
  "version": 4,
  "terraform_version": "0.12.24",
  "serial": 121,
  "lineage": "2b8fb368-c949-daa4-bff6-ed6c6d73f3ce",
  "outputs": {
    "BastionId": {
      "value": [
        [
          "ocid1.instance.oc1.eu-frankfurt-1.antheljrsfuycaqckqgosj3lsc2chlfazrxn2l5g2rsouohzxb4o6i46c3iq"
        ]
      ],
      "type": [
        "tuple",
        [
          [
            "tuple",
            [
              "string"
            ]
          ]
        ]
      ]
    },
    "BastionPublicIP": {
      "value": [
        [
          "193.122.0.52"
        ]
      ],
      "type": [
        "tuple",
        [
          [
            "tuple",
            [
              "string"
            ]
          ]
        ]
      ]
    },
    "SubnetId": {
      "value": [
        "ocid1.subnet.oc1.eu-frankfurt-1.aaaaaaaapgdrmzmlb4itaautyb7qunhkwvo2l2vpdvdtiu7p7kb5cvusmjcq"
      ],
      "type": [
        "tuple",
        [
          "string"
        ]
      ]
    },
    "VcnID": {
      "value": [
        "ocid1.vcn.oc1.eu-frankfurt-1.amaaaaaasfuycaqakvbh5i7lq4p7tq5pp7nea4hoj3tvog46z7gqu5p5wxoa"
      ],
      "type": [
        "tuple",
        [
          "string"
        ]
      ]
    },
    "WebServerDomain": {
      "value": [
        [
          "private.demo.oraclevcn.com"
        ]
      ],
      "type": [
        "tuple",
        [
          [
            "tuple",
            [
              "string"
            ]
          ]
        ]
      ]
    },
    "WebServerHostNames": {
      "value": [
        [
          "web0"
        ]
      ],
      "type": [
        "tuple",
        [
          [
            "tuple",
            [
              "string"
            ]
          ]
        ]
      ]
    },
    "WebServerPrivateIPs": {
      "value": [
        [
          "10.0.0.2"
        ]
      ],
      "type": [
        "tuple",
        [
          [
            "tuple",
            [
              "string"
            ]
          ]
        ]
      ]
    },
    "lb_ip": {
      "value": [
        "193.122.6.197"
      ],
      "type": [
        "tuple",
        [
          "string"
        ]
      ]
    },
    "lb_is_public": {
      "value": [
        true
      ],
      "type": [
        "tuple",
        [
          "bool"
        ]
      ]
    }
  },
  "resources": [
    {
      "mode": "data",
      "type": "oci_identity_availability_domains",
      "name": "ADs",
      "provider": "provider.oci",
      "instances": [
        {
          "schema_version": 0,
          "attributes": {
            "availability_domains": [
              {
                "compartment_id": "ocid1.tenancy.oc1..aaaaaaaagpl3dtrsgsdrpjmtkffgtywh3gcesjyk4psebzssdlngpyg3luda",
                "id": "ocid1.availabilitydomain.oc1..aaaaaaaaiifj24st3w4j7cowuo3pmqcuqwjapjv435vtjmgh5j7q3flguwna",
                "name": "TiiM:EU-FRANKFURT-1-AD-1"
              },
              {
                "compartment_id": "ocid1.tenancy.oc1..aaaaaaaagpl3dtrsgsdrpjmtkffgtywh3gcesjyk4psebzssdlngpyg3luda",
                "id": "ocid1.availabilitydomain.oc1..aaaaaaaalcdcbl7u6akbmkojxhrozpj2v7yavqqydkj3ytyjbt47lnoqnm2q",
                "name": "TiiM:EU-FRANKFURT-1-AD-2"
              },
              {
                "compartment_id": "ocid1.tenancy.oc1..aaaaaaaagpl3dtrsgsdrpjmtkffgtywh3gcesjyk4psebzssdlngpyg3luda",
                "id": "ocid1.availabilitydomain.oc1..aaaaaaaaa2artt5wizbqvwl3rgptylx2l7jqbnyv4dygcfvlrd3dphvi3mdq",
                "name": "TiiM:EU-FRANKFURT-1-AD-3"
              }
            ],
            "compartment_id": "ocid1.tenancy.oc1..aaaaaaaagpl3dtrsgsdrpjmtkffgtywh3gcesjyk4psebzssdlngpyg3luda",
            "filter": null,
            "id": "2020-05-28 09:30:49.486925346 +0000 UTC"
          }
        }
      ]
    },
    {
      "mode": "data",
      "type": "oci_identity_tenancy",
      "name": "tenancy",
      "provider": "provider.oci",
      "instances": [
        {
          "schema_version": 0,
          "attributes": {
            "defined_tags": {},
            "description": "czechedu2020",
            "freeform_tags": {},
            "home_region_key": "FRA",
            "id": "ocid1.tenancy.oc1..aaaaaaaagpl3dtrsgsdrpjmtkffgtywh3gcesjyk4psebzssdlngpyg3luda",
            "name": "czechedu2020",
            "tenancy_id": "ocid1.tenancy.oc1..aaaaaaaagpl3dtrsgsdrpjmtkffgtywh3gcesjyk4psebzssdlngpyg3luda",
            "upi_idcs_compatibility_layer_endpoint": null
          }
        }
      ]
    },
    {
      "mode": "managed",
      "type": "oci_core_instance",
      "name": "Bastion",
      "each": "list",
      "provider": "provider.oci",
      "instances": [
        {
          "index_key": 0,
          "schema_version": 0,
          "attributes": {
            "agent_config": [
              {
                "is_management_disabled": false,
                "is_monitoring_disabled": false
              }
            ],
            "availability_domain": "TiiM:EU-FRANKFURT-1-AD-1",
            "boot_volume_id": "ocid1.bootvolume.oc1.eu-frankfurt-1.abtheljrgeqa7ibttzetijusxbxhnjpfscqoworwlsozmtulqdr4e4c5shtq",
            "compartment_id": "ocid1.compartment.oc1..aaaaaaaagrezj4qsbl3lfi5ftu5of7sh7qmowhr56fkvdnch5u42vmmcm3da",
            "create_vnic_details": [
              {
                "assign_public_ip": "true",
                "defined_tags": {
                  "Oracle-Tags.CreatedBy": "qwak623@gmail.com",
                  "Oracle-Tags.CreatedOn": "2020-05-28T06:57:04.588Z"
                },
                "display_name": "bastion0-default",
                "freeform_tags": {},
                "hostname_label": "bastion0",
                "nsg_ids": [],
                "private_ip": "10.0.100.2",
                "skip_source_dest_check": false,
                "subnet_id": "ocid1.subnet.oc1.eu-frankfurt-1.aaaaaaaa7ywjyhuumx3shp3w4f5mvniebrzbugfcc7koyvasfpt2ndpmjsqa"
              }
            ],
            "dedicated_vm_host_id": null,
            "defined_tags": {
              "Oracle-Tags.CreatedBy": "qwak623@gmail.com",
              "Oracle-Tags.CreatedOn": "2020-05-28T06:57:04.210Z"
            },
            "display_name": "bastion0-default",
            "extended_metadata": {},
            "fault_domain": "FAULT-DOMAIN-3",
            "freeform_tags": {},
            "hostname_label": "bastion0",
            "id": "ocid1.instance.oc1.eu-frankfurt-1.antheljrsfuycaqckqgosj3lsc2chlfazrxn2l5g2rsouohzxb4o6i46c3iq",
            "image": "ocid1.image.oc1.eu-frankfurt-1.aaaaaaaavz6p7tyrczcwd5uvq6x2wqkbwcrjjbuohbjomtzv32k5bq24rsha",
            "ipxe_script": null,
            "is_pv_encryption_in_transit_enabled": null,
            "launch_mode": "NATIVE",
            "launch_options": [
              {
                "boot_volume_type": "PARAVIRTUALIZED",
                "firmware": "UEFI_64",
                "is_consistent_volume_naming_enabled": true,
                "is_pv_encryption_in_transit_enabled": false,
                "network_type": "PARAVIRTUALIZED",
                "remote_data_volume_type": "PARAVIRTUALIZED"
              }
            ],
            "metadata": {
              "ssh_authorized_keys": "ssh-rsa AAAAB3NzaC1yc2EAAAADAQABAAABAQD0NHbTvuYl1fF7QAnMeO0a0c3/CX/TIla0rgyg2rrsbEWO1Kv6+LOi1ixy8SCzuVwzVzbzbHi7gAuY1iBfC5+PiEvgCfsQSE+z/GujPo9uK1NAuZbDTvwTd0aTu6C2QOeD0Jx7AFK7tGfHRN36IpacVjGnYMYFxd8oJE2kvlTMANXhi+sEdy7E1zpkJDuH4S0WfBVsOk+0bM5fgY4+HEY9iibuJOUH5qs9ALbBibLPaocCStz9sIgXz/Yb8i+KIrjQNnUL8y5I2MNLdVqv2IeWOxV8MEGexETjA6TcZi/2ynAseLPhEaYgglJxRsg7icCiZGwh9mLkVAa+z0gLauAz qwak623@gmail.com\n",
              "user_data": "IyEvYmluL2Jhc2ggLXgKCgplY2hvICcjIyMjIyMjIyMjIyMjIyMjIyMjIGNsaWVudCBzZXJ2ZXIgdXNlcmRhdGEgYmVnaW5zICMjIyMjIyMjIyMjIyMjIyMjIyMjIycKdG91Y2ggfm9wYy91c2VyZGF0YS5gZGF0ZSArJXNgLnN0YXJ0CgpFWFRFUk5BTF9JUD0kKGN1cmwgLXMgLW0gMTAgaHR0cDovL3doYXRpc215aXAuYWthbWFpLmNvbS8pCgojZWNobyAnIyMjIyMjIyMjIyB5dW0gdXBkYXRlIGFsbCAjIyMjIyMjIyMjIyMjIyMnCiNmaXJld2FsbC1vZmZsaW5lLWNtZCAtLWFkZC1wb3J0PTU2MDEvdGNwCiNmaXJld2FsbC1vZmZsaW5lLWNtZCAtLWFkZC1wb3J0PTkyMDAvdGNwCiNmaXJld2FsbC1vZmZsaW5lLWNtZCAtLWFkZC1wb3J0PTkzMDAvdGNwCiNzeXN0ZW1jdGwgcmVsb2FkIGZpcmV3YWxsZAoKCgoKdG91Y2ggfm9wYy91c2VyZGF0YS5gZGF0ZSArJXNgLmZpbmlzaAplY2hvICcjIyMjIyMjIyMjIyMjIyMjIyMjIGNsaWVudCBzZXJ2ZXIgdXNlcmRhdGEgZW5kcyAjIyMjIyMjIyMjIyMjIyMjIyMjIyMjIycK"
            },
            "preserve_boot_volume": null,
            "private_ip": "10.0.100.2",
            "public_ip": "193.122.0.52",
            "region": "eu-frankfurt-1",
            "shape": "VM.Standard2.1",
            "shape_config": [
              {
                "gpu_description": "",
                "gpus": 0,
                "local_disk_description": "",
                "local_disks": 0,
                "local_disks_total_size_in_gbs": 0,
                "max_vnic_attachments": 2,
                "memory_in_gbs": 15,
                "networking_bandwidth_in_gbps": 1,
                "ocpus": 1,
                "processor_description": "2.0 GHz Intel® Xeon® Platinum 8167M (Skylake)"
              }
            ],
            "source_details": [
              {
                "boot_volume_size_in_gbs": "47",
                "kms_key_id": "",
                "source_id": "ocid1.image.oc1.eu-frankfurt-1.aaaaaaaavz6p7tyrczcwd5uvq6x2wqkbwcrjjbuohbjomtzv32k5bq24rsha",
                "source_type": "image"
              }
            ],
            "state": "RUNNING",
            "subnet_id": "ocid1.subnet.oc1.eu-frankfurt-1.aaaaaaaa7ywjyhuumx3shp3w4f5mvniebrzbugfcc7koyvasfpt2ndpmjsqa",
            "system_tags": {},
            "time_created": "2020-05-28 06:57:05.218 +0000 UTC",
            "time_maintenance_reboot_due": "",
            "timeouts": null
          },
          "private": "eyJlMmJmYjczMC1lY2FhLTExZTYtOGY4OC0zNDM2M2JjN2M0YzAiOnsiY3JlYXRlIjo3MjAwMDAwMDAwMDAwLCJkZWxldGUiOjcyMDAwMDAwMDAwMDAsInVwZGF0ZSI6NzIwMDAwMDAwMDAwMH19",
          "dependencies": [
            "oci_core_internet_gateway.InetGW",
            "oci_core_route_table.PublicRoutingTable",
            "oci_core_security_list.BastionSubnetSeclist",
            "oci_core_subnet.BastionSubnet",
            "oci_core_virtual_network.VCN"
          ]
        }
      ]
    },
    {
      "mode": "managed",
      "type": "oci_core_instance",
      "name": "WebServer",
      "each": "list",
      "provider": "provider.oci",
      "instances": [
        {
          "index_key": 0,
          "schema_version": 0,
          "attributes": {
            "agent_config": [
              {
                "is_management_disabled": false,
                "is_monitoring_disabled": false
              }
            ],
            "availability_domain": "TiiM:EU-FRANKFURT-1-AD-1",
            "boot_volume_id": "ocid1.bootvolume.oc1.eu-frankfurt-1.abtheljr775wum3dtdmymui4gxzxbbkfdpmrrnrze277kpdixqmfl72emzdq",
            "compartment_id": "ocid1.compartment.oc1..aaaaaaaagrezj4qsbl3lfi5ftu5of7sh7qmowhr56fkvdnch5u42vmmcm3da",
            "create_vnic_details": [
              {
                "assign_public_ip": "false",
                "defined_tags": {
                  "Oracle-Tags.CreatedBy": "qwak623@gmail.com",
                  "Oracle-Tags.CreatedOn": "2020-05-28T06:58:19.392Z"
                },
                "display_name": "webServer0-default",
                "freeform_tags": {},
                "hostname_label": "web0",
                "nsg_ids": [],
                "private_ip": "10.0.0.2",
                "skip_source_dest_check": false,
                "subnet_id": "ocid1.subnet.oc1.eu-frankfurt-1.aaaaaaaapgdrmzmlb4itaautyb7qunhkwvo2l2vpdvdtiu7p7kb5cvusmjcq"
              }
            ],
            "dedicated_vm_host_id": null,
            "defined_tags": {
              "Oracle-Tags.CreatedBy": "qwak623@gmail.com",
              "Oracle-Tags.CreatedOn": "2020-05-28T06:58:19.119Z"
            },
            "display_name": "webServer0-default",
            "extended_metadata": {},
            "fault_domain": "FAULT-DOMAIN-2",
            "freeform_tags": {},
            "hostname_label": "web0",
            "id": "ocid1.instance.oc1.eu-frankfurt-1.antheljrsfuycaqc3eju4siold2tg6d2audc54cvzjwitkfd7dptv6r4on5a",
            "image": "ocid1.image.oc1.eu-frankfurt-1.aaaaaaaavz6p7tyrczcwd5uvq6x2wqkbwcrjjbuohbjomtzv32k5bq24rsha",
            "ipxe_script": null,
            "is_pv_encryption_in_transit_enabled": null,
            "launch_mode": "NATIVE",
            "launch_options": [
              {
                "boot_volume_type": "PARAVIRTUALIZED",
                "firmware": "UEFI_64",
                "is_consistent_volume_naming_enabled": true,
                "is_pv_encryption_in_transit_enabled": false,
                "network_type": "PARAVIRTUALIZED",
                "remote_data_volume_type": "PARAVIRTUALIZED"
              }
            ],
            "metadata": {
              "ssh_authorized_keys": "ssh-rsa AAAAB3NzaC1yc2EAAAADAQABAAABAQD0NHbTvuYl1fF7QAnMeO0a0c3/CX/TIla0rgyg2rrsbEWO1Kv6+LOi1ixy8SCzuVwzVzbzbHi7gAuY1iBfC5+PiEvgCfsQSE+z/GujPo9uK1NAuZbDTvwTd0aTu6C2QOeD0Jx7AFK7tGfHRN36IpacVjGnYMYFxd8oJE2kvlTMANXhi+sEdy7E1zpkJDuH4S0WfBVsOk+0bM5fgY4+HEY9iibuJOUH5qs9ALbBibLPaocCStz9sIgXz/Yb8i+KIrjQNnUL8y5I2MNLdVqv2IeWOxV8MEGexETjA6TcZi/2ynAseLPhEaYgglJxRsg7icCiZGwh9mLkVAa+z0gLauAz qwak623@gmail.com\n",
              "user_data": "IyEvYmluL2Jhc2ggLXgKCm5naW54X2NvbmY9L2hvbWUvb3BjL25naW54LWRlbW8uY29uZgoKCnJldHJ5KCkgewogICAgbG9jYWwgLXIgLWkgbWF4X2F0dGVtcHRzPSIkMSI7IHNoaWZ0CiAgICBsb2NhbCAtciBjbWQ9IiRAIgogICAgbG9jYWwgLWkgYXR0ZW1wdF9udW09MQoKICAgIHVudGlsICRjbWQ7IGRvCiAgICAgICAgaWYgKCggYXR0ZW1wdF9udW0gPT0gbWF4X2F0dGVtcHRzICkpCiAgICAgICAgdGhlbgogICAgICAgICAgICBlY2hvICJBdHRlbXB0ICRhdHRlbXB0X251bSBmYWlsZWQgYW5kIHRoZXJlIGFyZSBubyBtb3JlIGF0dGVtcHRzIGxlZnQhIiA+JjIKICAgICAgICAgICAgcmV0dXJuIDEKICAgICAgICBlbHNlCiAgICAgICAgICAgIGVjaG8gIkF0dGVtcHQgJGF0dGVtcHRfbnVtIGZhaWxlZCEgVHJ5aW5nIGFnYWluIGluICRhdHRlbXB0X251bSBzZWNvbmRzLi4uIiA+JjIKICAgICAgICAgICAgc2xlZXAgJCgoIGF0dGVtcHRfbnVtKysgKSkKICAgICAgICBmaQogICAgZG9uZQp9CgoKZWNobyAnIyMjIyMjIyMjIyMjIyMjIyMjIyBzZXJ2ZXIgdXNlcmRhdGEgYmVnaW5zICMjIyMjIyMjIyMjIyMjIyMjIyMjIycKdG91Y2ggfm9wYy91c2VyZGF0YS5gZGF0ZSArJXNgLnN0YXJ0CgplY2hvICcjIyMjIyMjIyMjIHNldHVwIHNjcmVlbiAjIyMjIyMjIyMjIyMjIyMnCgp5dW0gLXkgaW5zdGFsbCBzY3JlZW4KZ3JlcCAtcSAnXmRlZnNjcm9sbGJhY2sgMTAyNDAwJyAvZXRjL3NjcmVlbnJjIHx8IHNlZCAtaSAtZSAncy9eXChkZWZzY3JvbGxiYWNrXCkuKi9cMSAxMDI0MDAvJyAvZXRjL3NjcmVlbnJjCgplY2hvICcjIyMjIyMjIyMjIHNldHVwIG5naW54ICMjIyMjIyMjIyMjIyMjIycKCnl1bSAteSBpbnN0YWxsIG5naW54CiMgY29tbWVudCBvcmlnaW5hbCBPRUw2IGNvbmZpZzoKc2VkIC1pICcvXiAqc2VydmVyIHsvLCsyMHMvXi8jLycgL2V0Yy9uZ2lueC9uZ2lueC5jb25mCiMgd2FpdCB1bnRpbCBjb25maWcgaXMgdXBsb2FkZWQgdGhlcmUsIHRoZW4gZG8gcmVzdGFydAoKaWYgcmV0cnkgNSBbIC1mICRuZ2lueF9jb25mIF07dGhlbgogICAgY3AgJG5naW54X2NvbmYgL2V0Yy9uZ2lueC9jb25mLmQvCmZpCgpzeXN0ZW1jdGwgZW5hYmxlIG5naW54CnN5c3RlbWN0bCBzdGFydCBuZ2lueAoKZWNobyAnIyMjIyMjIyMjIyBvcGVuIHBvcnRzIGluIGZpcmV3YWxsICMjIyMjIyMjIyMjIyMjIycKZmlyZXdhbGwtb2ZmbGluZS1jbWQgLS1hZGQtcG9ydD04MC90Y3AKc3lzdGVtY3RsIHJlbG9hZCBmaXJld2FsbGQKCnRvdWNoIH5vcGMvdXNlcmRhdGEuYGRhdGUgKyVzYC5maW5pc2gKZWNobyAnIyMjIyMjIyMjIyMjIyMjIyMjIyBCRFNRTCBDb250cm9sIFBsYW5lIHNlcnZlciB1c2VyZGF0YSBlbmRzICMjIyMjIyMjIyMjIyMjIyMjIyMjIyMjJwo="
            },
            "preserve_boot_volume": null,
            "private_ip": "10.0.0.2",
            "public_ip": "",
            "region": "eu-frankfurt-1",
            "shape": "VM.Standard2.1",
            "shape_config": [
              {
                "gpu_description": "",
                "gpus": 0,
                "local_disk_description": "",
                "local_disks": 0,
                "local_disks_total_size_in_gbs": 0,
                "max_vnic_attachments": 2,
                "memory_in_gbs": 15,
                "networking_bandwidth_in_gbps": 1,
                "ocpus": 1,
                "processor_description": "2.0 GHz Intel® Xeon® Platinum 8167M (Skylake)"
              }
            ],
            "source_details": [
              {
                "boot_volume_size_in_gbs": "47",
                "kms_key_id": "",
                "source_id": "ocid1.image.oc1.eu-frankfurt-1.aaaaaaaavz6p7tyrczcwd5uvq6x2wqkbwcrjjbuohbjomtzv32k5bq24rsha",
                "source_type": "image"
              }
            ],
            "state": "RUNNING",
            "subnet_id": "ocid1.subnet.oc1.eu-frankfurt-1.aaaaaaaapgdrmzmlb4itaautyb7qunhkwvo2l2vpdvdtiu7p7kb5cvusmjcq",
            "system_tags": {},
            "time_created": "2020-05-28 06:58:19.939 +0000 UTC",
            "time_maintenance_reboot_due": "",
            "timeouts": null
          },
          "private": "eyJlMmJmYjczMC1lY2FhLTExZTYtOGY4OC0zNDM2M2JjN2M0YzAiOnsiY3JlYXRlIjo3MjAwMDAwMDAwMDAwLCJkZWxldGUiOjcyMDAwMDAwMDAwMDAsInVwZGF0ZSI6NzIwMDAwMDAwMDAwMH19",
          "dependencies": [
            "oci_core_instance.Bastion",
            "oci_core_internet_gateway.InetGW",
            "oci_core_nat_gateway.NATGateway",
            "oci_core_route_table.PrivateRoutingTable",
            "oci_core_route_table.PublicRoutingTable",
            "oci_core_security_list.BastionSubnetSeclist",
            "oci_core_security_list.PrivateSubnetSeclist",
            "oci_core_subnet.BastionSubnet",
            "oci_core_subnet.PrivateSubnet",
            "oci_core_virtual_network.VCN"
          ]
        }
      ]
    },
    {
      "mode": "managed",
      "type": "oci_core_internet_gateway",
      "name": "InetGW",
      "provider": "provider.oci",
      "instances": [
        {
          "schema_version": 0,
          "attributes": {
            "compartment_id": "ocid1.compartment.oc1..aaaaaaaagrezj4qsbl3lfi5ftu5of7sh7qmowhr56fkvdnch5u42vmmcm3da",
            "defined_tags": {
              "Oracle-Tags.CreatedBy": "qwak623@gmail.com",
              "Oracle-Tags.CreatedOn": "2020-05-28T06:57:00.913Z"
            },
            "display_name": "Internet GW -default",
            "enabled": true,
            "freeform_tags": {},
            "id": "ocid1.internetgateway.oc1.eu-frankfurt-1.aaaaaaaauw7lbi2bhxbl2arlcjjtxja2p5b3evniuwdd7p24jaux4vlo3qga",
            "state": "AVAILABLE",
            "time_created": "2020-05-28 06:57:00.93 +0000 UTC",
            "timeouts": null,
            "vcn_id": "ocid1.vcn.oc1.eu-frankfurt-1.amaaaaaasfuycaqakvbh5i7lq4p7tq5pp7nea4hoj3tvog46z7gqu5p5wxoa"
          },
          "private": "eyJlMmJmYjczMC1lY2FhLTExZTYtOGY4OC0zNDM2M2JjN2M0YzAiOnsiY3JlYXRlIjo5MDAwMDAwMDAwMDAsImRlbGV0ZSI6OTAwMDAwMDAwMDAwLCJ1cGRhdGUiOjkwMDAwMDAwMDAwMH19",
          "dependencies": [
            "oci_core_virtual_network.VCN"
          ]
        }
      ]
    },
    {
      "mode": "managed",
      "type": "oci_core_nat_gateway",
      "name": "NATGateway",
      "provider": "provider.oci",
      "instances": [
        {
          "schema_version": 0,
          "attributes": {
            "block_traffic": false,
            "compartment_id": "ocid1.compartment.oc1..aaaaaaaagrezj4qsbl3lfi5ftu5of7sh7qmowhr56fkvdnch5u42vmmcm3da",
            "defined_tags": {
              "Oracle-Tags.CreatedBy": "qwak623@gmail.com",
              "Oracle-Tags.CreatedOn": "2020-05-28T06:57:00.948Z"
            },
            "display_name": "NAT Gateway-default",
            "freeform_tags": {},
            "id": "ocid1.natgateway.oc1.eu-frankfurt-1.aaaaaaaat2ik327ofdbglonh5yiii6o3m7xra74njn5ycejl4xub255jzgoa",
            "nat_ip": "193.122.2.62",
            "state": "AVAILABLE",
            "time_created": "2020-05-28 06:57:01.177 +0000 UTC",
            "timeouts": null,
            "vcn_id": "ocid1.vcn.oc1.eu-frankfurt-1.amaaaaaasfuycaqakvbh5i7lq4p7tq5pp7nea4hoj3tvog46z7gqu5p5wxoa"
          },
          "private": "eyJlMmJmYjczMC1lY2FhLTExZTYtOGY4OC0zNDM2M2JjN2M0YzAiOnsiY3JlYXRlIjo5MDAwMDAwMDAwMDAsImRlbGV0ZSI6OTAwMDAwMDAwMDAwLCJ1cGRhdGUiOjkwMDAwMDAwMDAwMH19",
          "dependencies": [
            "oci_core_virtual_network.VCN"
          ]
        }
      ]
    },
    {
      "mode": "managed",
      "type": "oci_core_route_table",
      "name": "PrivateRoutingTable",
      "provider": "provider.oci",
      "instances": [
        {
          "schema_version": 0,
          "attributes": {
            "compartment_id": "ocid1.compartment.oc1..aaaaaaaagrezj4qsbl3lfi5ftu5of7sh7qmowhr56fkvdnch5u42vmmcm3da",
            "defined_tags": {
              "Oracle-Tags.CreatedBy": "qwak623@gmail.com",
              "Oracle-Tags.CreatedOn": "2020-05-28T06:57:01.866Z"
            },
            "display_name": "Private Routing Table-default",
            "freeform_tags": {},
            "id": "ocid1.routetable.oc1.eu-frankfurt-1.aaaaaaaatyyqw3ll3b5lvx566rvl3pqw4ana7v5z3i7ar5osjsp2xexpygkq",
            "route_rules": [
              {
                "cidr_block": "",
                "description": "",
                "destination": "0.0.0.0/0",
                "destination_type": "CIDR_BLOCK",
                "network_entity_id": "ocid1.natgateway.oc1.eu-frankfurt-1.aaaaaaaat2ik327ofdbglonh5yiii6o3m7xra74njn5ycejl4xub255jzgoa"
              }
            ],
            "state": "AVAILABLE",
            "time_created": "2020-05-28 06:57:01.885 +0000 UTC",
            "timeouts": null,
            "vcn_id": "ocid1.vcn.oc1.eu-frankfurt-1.amaaaaaasfuycaqakvbh5i7lq4p7tq5pp7nea4hoj3tvog46z7gqu5p5wxoa"
          },
          "private": "eyJlMmJmYjczMC1lY2FhLTExZTYtOGY4OC0zNDM2M2JjN2M0YzAiOnsiY3JlYXRlIjo5MDAwMDAwMDAwMDAsImRlbGV0ZSI6OTAwMDAwMDAwMDAwLCJ1cGRhdGUiOjkwMDAwMDAwMDAwMH19",
          "dependencies": [
            "oci_core_nat_gateway.NATGateway",
            "oci_core_virtual_network.VCN"
          ]
        }
      ]
    },
    {
      "mode": "managed",
      "type": "oci_core_route_table",
      "name": "PublicRoutingTable",
      "provider": "provider.oci",
      "instances": [
        {
          "schema_version": 0,
          "attributes": {
            "compartment_id": "ocid1.compartment.oc1..aaaaaaaagrezj4qsbl3lfi5ftu5of7sh7qmowhr56fkvdnch5u42vmmcm3da",
            "defined_tags": {
              "Oracle-Tags.CreatedBy": "qwak623@gmail.com",
              "Oracle-Tags.CreatedOn": "2020-05-28T06:57:01.259Z"
            },
            "display_name": "Public Routing Table-default",
            "freeform_tags": {},
            "id": "ocid1.routetable.oc1.eu-frankfurt-1.aaaaaaaazb32nodk5k3u5mn6qzjmxikbvsvllqeg7yrmv7cob6lf3ktwfkza",
            "route_rules": [
              {
                "cidr_block": "",
                "description": "",
                "destination": "0.0.0.0/0",
                "destination_type": "CIDR_BLOCK",
                "network_entity_id": "ocid1.internetgateway.oc1.eu-frankfurt-1.aaaaaaaauw7lbi2bhxbl2arlcjjtxja2p5b3evniuwdd7p24jaux4vlo3qga"
              }
            ],
            "state": "AVAILABLE",
            "time_created": "2020-05-28 06:57:01.275 +0000 UTC",
            "timeouts": null,
            "vcn_id": "ocid1.vcn.oc1.eu-frankfurt-1.amaaaaaasfuycaqakvbh5i7lq4p7tq5pp7nea4hoj3tvog46z7gqu5p5wxoa"
          },
          "private": "eyJlMmJmYjczMC1lY2FhLTExZTYtOGY4OC0zNDM2M2JjN2M0YzAiOnsiY3JlYXRlIjo5MDAwMDAwMDAwMDAsImRlbGV0ZSI6OTAwMDAwMDAwMDAwLCJ1cGRhdGUiOjkwMDAwMDAwMDAwMH19",
          "dependencies": [
            "oci_core_internet_gateway.InetGW",
            "oci_core_virtual_network.VCN"
          ]
        }
      ]
    },
    {
      "mode": "managed",
      "type": "oci_core_security_list",
      "name": "BastionSubnetSeclist",
      "provider": "provider.oci",
      "instances": [
        {
          "schema_version": 0,
          "attributes": {
            "compartment_id": "ocid1.compartment.oc1..aaaaaaaagrezj4qsbl3lfi5ftu5of7sh7qmowhr56fkvdnch5u42vmmcm3da",
            "defined_tags": {
              "Oracle-Tags.CreatedBy": "qwak623@gmail.com",
              "Oracle-Tags.CreatedOn": "2020-05-28T06:57:00.919Z"
            },
            "display_name": "Bastion Subnet Seclist-default",
            "egress_security_rules": [
              {
                "description": "",
                "destination": "0.0.0.0/0",
                "destination_type": "CIDR_BLOCK",
                "icmp_options": [],
                "protocol": "6",
                "stateless": false,
                "tcp_options": [],
                "udp_options": []
              }
            ],
            "freeform_tags": {},
            "id": "ocid1.securitylist.oc1.eu-frankfurt-1.aaaaaaaaaoniys77jydogr2p7kc4rb2bf6hjrvqftecfylly6zgmne26zyia",
            "ingress_security_rules": [
              {
                "description": "",
                "icmp_options": [],
                "protocol": "6",
                "source": "0.0.0.0/0",
                "source_type": "CIDR_BLOCK",
                "stateless": false,
                "tcp_options": [
                  {
                    "max": 22,
                    "min": 22,
                    "source_port_range": []
                  }
                ],
                "udp_options": []
              }
            ],
            "state": "AVAILABLE",
            "time_created": "2020-05-28 06:57:00.938 +0000 UTC",
            "timeouts": null,
            "vcn_id": "ocid1.vcn.oc1.eu-frankfurt-1.amaaaaaasfuycaqakvbh5i7lq4p7tq5pp7nea4hoj3tvog46z7gqu5p5wxoa"
          },
          "private": "eyJlMmJmYjczMC1lY2FhLTExZTYtOGY4OC0zNDM2M2JjN2M0YzAiOnsiY3JlYXRlIjo5MDAwMDAwMDAwMDAsImRlbGV0ZSI6OTAwMDAwMDAwMDAwLCJ1cGRhdGUiOjkwMDAwMDAwMDAwMH19",
          "dependencies": [
            "oci_core_virtual_network.VCN"
          ]
        }
      ]
    },
    {
      "mode": "managed",
      "type": "oci_core_security_list",
      "name": "LBSubnetSeclist",
      "provider": "provider.oci",
      "instances": [
        {
          "schema_version": 0,
          "attributes": {
            "compartment_id": "ocid1.compartment.oc1..aaaaaaaagrezj4qsbl3lfi5ftu5of7sh7qmowhr56fkvdnch5u42vmmcm3da",
            "defined_tags": {
              "Oracle-Tags.CreatedBy": "qwak623@gmail.com",
              "Oracle-Tags.CreatedOn": "2020-05-28T06:57:00.920Z"
            },
            "display_name": "Loadbalancer Subnet Seclist-default",
            "egress_security_rules": [
              {
                "description": "",
                "destination": "0.0.0.0/0",
                "destination_type": "CIDR_BLOCK",
                "icmp_options": [],
                "protocol": "6",
                "stateless": false,
                "tcp_options": [],
                "udp_options": []
              }
            ],
            "freeform_tags": {},
            "id": "ocid1.securitylist.oc1.eu-frankfurt-1.aaaaaaaaefzmg6tftiwn3v2zh3ghorxwwh2wtydg4l2uppzrfwjdeerpbnea",
            "ingress_security_rules": [
              {
                "description": "",
                "icmp_options": [],
                "protocol": "6",
                "source": "0.0.0.0/0",
                "source_type": "CIDR_BLOCK",
                "stateless": false,
                "tcp_options": [
                  {
                    "max": 443,
                    "min": 443,
                    "source_port_range": []
                  }
                ],
                "udp_options": []
              },
              {
                "description": "",
                "icmp_options": [],
                "protocol": "6",
                "source": "0.0.0.0/0",
                "source_type": "CIDR_BLOCK",
                "stateless": false,
                "tcp_options": [
                  {
                    "max": 80,
                    "min": 80,
                    "source_port_range": []
                  }
                ],
                "udp_options": []
              }
            ],
            "state": "AVAILABLE",
            "time_created": "2020-05-28 06:57:00.928 +0000 UTC",
            "timeouts": null,
            "vcn_id": "ocid1.vcn.oc1.eu-frankfurt-1.amaaaaaasfuycaqakvbh5i7lq4p7tq5pp7nea4hoj3tvog46z7gqu5p5wxoa"
          },
          "private": "eyJlMmJmYjczMC1lY2FhLTExZTYtOGY4OC0zNDM2M2JjN2M0YzAiOnsiY3JlYXRlIjo5MDAwMDAwMDAwMDAsImRlbGV0ZSI6OTAwMDAwMDAwMDAwLCJ1cGRhdGUiOjkwMDAwMDAwMDAwMH19",
          "dependencies": [
            "oci_core_virtual_network.VCN"
          ]
        }
      ]
    },
    {
      "mode": "managed",
      "type": "oci_core_security_list",
      "name": "PrivateSubnetSeclist",
      "provider": "provider.oci",
      "instances": [
        {
          "schema_version": 0,
          "attributes": {
            "compartment_id": "ocid1.compartment.oc1..aaaaaaaagrezj4qsbl3lfi5ftu5of7sh7qmowhr56fkvdnch5u42vmmcm3da",
            "defined_tags": {
              "Oracle-Tags.CreatedBy": "qwak623@gmail.com",
              "Oracle-Tags.CreatedOn": "2020-05-28T06:57:00.934Z"
            },
            "display_name": "Private Subnet Seclist-default",
            "egress_security_rules": [
              {
                "description": "",
                "destination": "0.0.0.0/0",
                "destination_type": "CIDR_BLOCK",
                "icmp_options": [],
                "protocol": "6",
                "stateless": false,
                "tcp_options": [],
                "udp_options": []
              }
            ],
            "freeform_tags": {},
            "id": "ocid1.securitylist.oc1.eu-frankfurt-1.aaaaaaaaw4ogaqhzhi4fwmdwgvh3zqd67sbtjf2sy2l77ilcmuymu2qlgllq",
            "ingress_security_rules": [
              {
                "description": "",
                "icmp_options": [],
                "protocol": "6",
                "source": "10.0.0.0/16",
                "source_type": "CIDR_BLOCK",
                "stateless": false,
                "tcp_options": [
                  {
                    "max": 22,
                    "min": 22,
                    "source_port_range": []
                  }
                ],
                "udp_options": []
              },
              {
                "description": "",
                "icmp_options": [],
                "protocol": "6",
                "source": "10.0.0.0/16",
                "source_type": "CIDR_BLOCK",
                "stateless": false,
                "tcp_options": [
                  {
                    "max": 443,
                    "min": 443,
                    "source_port_range": []
                  }
                ],
                "udp_options": []
              },
              {
                "description": "",
                "icmp_options": [],
                "protocol": "6",
                "source": "10.0.0.0/16",
                "source_type": "CIDR_BLOCK",
                "stateless": false,
                "tcp_options": [
                  {
                    "max": 80,
                    "min": 80,
                    "source_port_range": []
                  }
                ],
                "udp_options": []
              },
              {
                "description": "",
                "icmp_options": [],
                "protocol": "all",
                "source": "10.0.0.0/16",
                "source_type": "CIDR_BLOCK",
                "stateless": false,
                "tcp_options": [],
                "udp_options": []
              }
            ],
            "state": "AVAILABLE",
            "time_created": "2020-05-28 06:57:00.952 +0000 UTC",
            "timeouts": null,
            "vcn_id": "ocid1.vcn.oc1.eu-frankfurt-1.amaaaaaasfuycaqakvbh5i7lq4p7tq5pp7nea4hoj3tvog46z7gqu5p5wxoa"
          },
          "private": "eyJlMmJmYjczMC1lY2FhLTExZTYtOGY4OC0zNDM2M2JjN2M0YzAiOnsiY3JlYXRlIjo5MDAwMDAwMDAwMDAsImRlbGV0ZSI6OTAwMDAwMDAwMDAwLCJ1cGRhdGUiOjkwMDAwMDAwMDAwMH19",
          "dependencies": [
            "oci_core_virtual_network.VCN"
          ]
        }
      ]
    },
    {
      "mode": "managed",
      "type": "oci_core_subnet",
      "name": "BastionSubnet",
      "each": "list",
      "provider": "provider.oci",
      "instances": [
        {
          "index_key": 0,
          "schema_version": 0,
          "attributes": {
            "availability_domain": "TiiM:EU-FRANKFURT-1-AD-1",
            "cidr_block": "10.0.100.0/28",
            "compartment_id": "ocid1.compartment.oc1..aaaaaaaagrezj4qsbl3lfi5ftu5of7sh7qmowhr56fkvdnch5u42vmmcm3da",
            "defined_tags": {
              "Oracle-Tags.CreatedBy": "qwak623@gmail.com",
              "Oracle-Tags.CreatedOn": "2020-05-28T06:57:03.435Z"
            },
            "dhcp_options_id": "ocid1.dhcpoptions.oc1.eu-frankfurt-1.aaaaaaaaliunafovqdndq3ysxzkcjzhkml6vszchr2c3bwzkklgp6yrab7qa",
            "display_name": "Bastion Subnet-0-default",
            "dns_label": "bastion0",
            "freeform_tags": {},
            "id": "ocid1.subnet.oc1.eu-frankfurt-1.aaaaaaaa7ywjyhuumx3shp3w4f5mvniebrzbugfcc7koyvasfpt2ndpmjsqa",
            "ipv6cidr_block": null,
            "ipv6public_cidr_block": null,
            "ipv6virtual_router_ip": null,
            "prohibit_public_ip_on_vnic": false,
            "route_table_id": "ocid1.routetable.oc1.eu-frankfurt-1.aaaaaaaazb32nodk5k3u5mn6qzjmxikbvsvllqeg7yrmv7cob6lf3ktwfkza",
            "security_list_ids": [
              "ocid1.securitylist.oc1.eu-frankfurt-1.aaaaaaaaaoniys77jydogr2p7kc4rb2bf6hjrvqftecfylly6zgmne26zyia"
            ],
            "state": "AVAILABLE",
            "subnet_domain_name": "bastion0.demo.oraclevcn.com",
            "time_created": "2020-05-28 06:57:03.468 +0000 UTC",
            "timeouts": null,
            "vcn_id": "ocid1.vcn.oc1.eu-frankfurt-1.amaaaaaasfuycaqakvbh5i7lq4p7tq5pp7nea4hoj3tvog46z7gqu5p5wxoa",
            "virtual_router_ip": "10.0.100.1",
            "virtual_router_mac": "00:00:17:FB:9C:08"
          },
          "private": "eyJlMmJmYjczMC1lY2FhLTExZTYtOGY4OC0zNDM2M2JjN2M0YzAiOnsiY3JlYXRlIjo5MDAwMDAwMDAwMDAsImRlbGV0ZSI6OTAwMDAwMDAwMDAwLCJ1cGRhdGUiOjkwMDAwMDAwMDAwMH19",
          "dependencies": [
            "oci_core_internet_gateway.InetGW",
            "oci_core_route_table.PublicRoutingTable",
            "oci_core_security_list.BastionSubnetSeclist",
            "oci_core_virtual_network.VCN"
          ]
        }
      ]
    },
    {
      "mode": "managed",
      "type": "oci_core_subnet",
      "name": "LBSubnet",
      "provider": "provider.oci",
      "instances": [
        {
          "schema_version": 0,
          "attributes": {
            "availability_domain": null,
            "cidr_block": "10.0.200.0/28",
            "compartment_id": "ocid1.compartment.oc1..aaaaaaaagrezj4qsbl3lfi5ftu5of7sh7qmowhr56fkvdnch5u42vmmcm3da",
            "defined_tags": {
              "Oracle-Tags.CreatedBy": "qwak623@gmail.com",
              "Oracle-Tags.CreatedOn": "2020-05-28T06:57:01.473Z"
            },
            "dhcp_options_id": "ocid1.dhcpoptions.oc1.eu-frankfurt-1.aaaaaaaaliunafovqdndq3ysxzkcjzhkml6vszchr2c3bwzkklgp6yrab7qa",
            "display_name": "Loadbalancer Subnet-default",
            "dns_label": "public",
            "freeform_tags": {},
            "id": "ocid1.subnet.oc1.eu-frankfurt-1.aaaaaaaan3p2oxvrkyp4ghgaa22vfpjsjmwvh6gwb3emp2s2treimoty2c2q",
            "ipv6cidr_block": null,
            "ipv6public_cidr_block": null,
            "ipv6virtual_router_ip": null,
            "prohibit_public_ip_on_vnic": false,
            "route_table_id": "ocid1.routetable.oc1.eu-frankfurt-1.aaaaaaaazb32nodk5k3u5mn6qzjmxikbvsvllqeg7yrmv7cob6lf3ktwfkza",
            "security_list_ids": [
              "ocid1.securitylist.oc1.eu-frankfurt-1.aaaaaaaaefzmg6tftiwn3v2zh3ghorxwwh2wtydg4l2uppzrfwjdeerpbnea"
            ],
            "state": "AVAILABLE",
            "subnet_domain_name": "public.demo.oraclevcn.com",
            "time_created": "2020-05-28 06:57:01.502 +0000 UTC",
            "timeouts": null,
            "vcn_id": "ocid1.vcn.oc1.eu-frankfurt-1.amaaaaaasfuycaqakvbh5i7lq4p7tq5pp7nea4hoj3tvog46z7gqu5p5wxoa",
            "virtual_router_ip": "10.0.200.1",
            "virtual_router_mac": "00:00:17:FB:9C:08"
          },
          "private": "eyJlMmJmYjczMC1lY2FhLTExZTYtOGY4OC0zNDM2M2JjN2M0YzAiOnsiY3JlYXRlIjo5MDAwMDAwMDAwMDAsImRlbGV0ZSI6OTAwMDAwMDAwMDAwLCJ1cGRhdGUiOjkwMDAwMDAwMDAwMH19",
          "dependencies": [
            "oci_core_internet_gateway.InetGW",
            "oci_core_route_table.PublicRoutingTable",
            "oci_core_security_list.LBSubnetSeclist",
            "oci_core_virtual_network.VCN"
          ]
        }
      ]
    },
    {
      "mode": "managed",
      "type": "oci_core_subnet",
      "name": "PrivateSubnet",
      "provider": "provider.oci",
      "instances": [
        {
          "schema_version": 0,
          "attributes": {
            "availability_domain": null,
            "cidr_block": "10.0.0.0/24",
            "compartment_id": "ocid1.compartment.oc1..aaaaaaaagrezj4qsbl3lfi5ftu5of7sh7qmowhr56fkvdnch5u42vmmcm3da",
            "defined_tags": {
              "Oracle-Tags.CreatedBy": "qwak623@gmail.com",
              "Oracle-Tags.CreatedOn": "2020-05-28T06:57:02.113Z"
            },
            "dhcp_options_id": "ocid1.dhcpoptions.oc1.eu-frankfurt-1.aaaaaaaaliunafovqdndq3ysxzkcjzhkml6vszchr2c3bwzkklgp6yrab7qa",
            "display_name": "Private Subnet-default",
            "dns_label": "private",
            "freeform_tags": {},
            "id": "ocid1.subnet.oc1.eu-frankfurt-1.aaaaaaaapgdrmzmlb4itaautyb7qunhkwvo2l2vpdvdtiu7p7kb5cvusmjcq",
            "ipv6cidr_block": null,
            "ipv6public_cidr_block": null,
            "ipv6virtual_router_ip": null,
            "prohibit_public_ip_on_vnic": true,
            "route_table_id": "ocid1.routetable.oc1.eu-frankfurt-1.aaaaaaaatyyqw3ll3b5lvx566rvl3pqw4ana7v5z3i7ar5osjsp2xexpygkq",
            "security_list_ids": [
              "ocid1.securitylist.oc1.eu-frankfurt-1.aaaaaaaaw4ogaqhzhi4fwmdwgvh3zqd67sbtjf2sy2l77ilcmuymu2qlgllq"
            ],
            "state": "AVAILABLE",
            "subnet_domain_name": "private.demo.oraclevcn.com",
            "time_created": "2020-05-28 06:57:03.206 +0000 UTC",
            "timeouts": null,
            "vcn_id": "ocid1.vcn.oc1.eu-frankfurt-1.amaaaaaasfuycaqakvbh5i7lq4p7tq5pp7nea4hoj3tvog46z7gqu5p5wxoa",
            "virtual_router_ip": "10.0.0.1",
            "virtual_router_mac": "00:00:17:FB:9C:08"
          },
          "private": "eyJlMmJmYjczMC1lY2FhLTExZTYtOGY4OC0zNDM2M2JjN2M0YzAiOnsiY3JlYXRlIjo5MDAwMDAwMDAwMDAsImRlbGV0ZSI6OTAwMDAwMDAwMDAwLCJ1cGRhdGUiOjkwMDAwMDAwMDAwMH19",
          "dependencies": [
            "oci_core_nat_gateway.NATGateway",
            "oci_core_route_table.PrivateRoutingTable",
            "oci_core_security_list.PrivateSubnetSeclist",
            "oci_core_virtual_network.VCN"
          ]
        }
      ]
    },
    {
      "mode": "managed",
      "type": "oci_core_virtual_network",
      "name": "VCN",
      "provider": "provider.oci",
      "instances": [
        {
          "schema_version": 0,
          "attributes": {
            "cidr_block": "10.0.0.0/16",
            "compartment_id": "ocid1.compartment.oc1..aaaaaaaagrezj4qsbl3lfi5ftu5of7sh7qmowhr56fkvdnch5u42vmmcm3da",
            "default_dhcp_options_id": "ocid1.dhcpoptions.oc1.eu-frankfurt-1.aaaaaaaaliunafovqdndq3ysxzkcjzhkml6vszchr2c3bwzkklgp6yrab7qa",
            "default_route_table_id": "ocid1.routetable.oc1.eu-frankfurt-1.aaaaaaaa3lq5j3jjl65ne5yghniyl6gsg46hy3vrcpvp2hdrxbasglxpymyq",
            "default_security_list_id": "ocid1.securitylist.oc1.eu-frankfurt-1.aaaaaaaarytoa7mta3tmkwvdswncb4lixjchtay64cdws7jvraxorlc7z4ca",
            "defined_tags": {
              "Oracle-Tags.CreatedBy": "qwak623@gmail.com",
              "Oracle-Tags.CreatedOn": "2020-05-28T06:57:00.499Z"
            },
            "display_name": "Web VCN-default",
            "dns_label": "demo",
            "freeform_tags": {},
            "id": "ocid1.vcn.oc1.eu-frankfurt-1.amaaaaaasfuycaqakvbh5i7lq4p7tq5pp7nea4hoj3tvog46z7gqu5p5wxoa",
            "ipv6cidr_block": null,
            "ipv6public_cidr_block": null,
            "is_ipv6enabled": null,
            "state": "AVAILABLE",
            "time_created": "2020-05-28 06:57:00.503 +0000 UTC",
            "timeouts": null,
            "vcn_domain_name": "demo.oraclevcn.com"
          },
          "private": "eyJlMmJmYjczMC1lY2FhLTExZTYtOGY4OC0zNDM2M2JjN2M0YzAiOnsiY3JlYXRlIjo5MDAwMDAwMDAwMDAsImRlbGV0ZSI6OTAwMDAwMDAwMDAwLCJ1cGRhdGUiOjkwMDAwMDAwMDAwMH19"
        }
      ]
    },
    {
      "mode": "managed",
      "type": "oci_load_balancer",
      "name": "lb-web",
      "provider": "provider.oci",
      "instances": [
        {
          "schema_version": 0,
          "attributes": {
            "compartment_id": "ocid1.compartment.oc1..aaaaaaaagrezj4qsbl3lfi5ftu5of7sh7qmowhr56fkvdnch5u42vmmcm3da",
            "defined_tags": {
              "Oracle-Tags.CreatedBy": "qwak623@gmail.com",
              "Oracle-Tags.CreatedOn": "2020-05-28T06:57:01.756Z"
            },
            "display_name": "lb-web-default",
            "freeform_tags": {},
            "id": "ocid1.loadbalancer.oc1.eu-frankfurt-1.aaaaaaaavyzgrmigrhmap6jiln7nt67iu7zyrufnlllt67r2sl4fimlm4lua",
            "ip_address_details": [
              {
                "ip_address": "193.122.6.197",
                "is_public": true
              }
            ],
            "ip_addresses": [
              "193.122.6.197"
            ],
            "ip_mode": null,
            "is_private": false,
            "network_security_group_ids": [],
            "shape": "100Mbps",
            "state": "ACTIVE",
            "subnet_ids": [
              "ocid1.subnet.oc1.eu-frankfurt-1.aaaaaaaan3p2oxvrkyp4ghgaa22vfpjsjmwvh6gwb3emp2s2treimoty2c2q"
            ],
            "system_tags": {},
            "time_created": "2020-05-28 06:57:01.981 +0000 UTC",
            "timeouts": null
          },
          "private": "eyJlMmJmYjczMC1lY2FhLTExZTYtOGY4OC0zNDM2M2JjN2M0YzAiOnsiY3JlYXRlIjo5MDAwMDAwMDAwMDAsImRlbGV0ZSI6OTAwMDAwMDAwMDAwLCJ1cGRhdGUiOjkwMDAwMDAwMDAwMH19",
          "dependencies": [
            "oci_core_internet_gateway.InetGW",
            "oci_core_route_table.PublicRoutingTable",
            "oci_core_security_list.LBSubnetSeclist",
            "oci_core_subnet.LBSubnet",
            "oci_core_virtual_network.VCN"
          ]
        }
      ]
    },
    {
      "mode": "managed",
      "type": "oci_load_balancer_backend",
      "name": "lb-backend-web",
      "each": "list",
      "provider": "provider.oci",
      "instances": [
        {
          "index_key": 0,
          "schema_version": 0,
          "attributes": {
            "backendset_name": "lb-bes-web",
            "backup": false,
            "drain": false,
            "id": "loadBalancers/ocid1.loadbalancer.oc1.eu-frankfurt-1.aaaaaaaavyzgrmigrhmap6jiln7nt67iu7zyrufnlllt67r2sl4fimlm4lua/backendSets/lb-bes-web/backends/10.0.0.2:80",
            "ip_address": "10.0.0.2",
            "load_balancer_id": "ocid1.loadbalancer.oc1.eu-frankfurt-1.aaaaaaaavyzgrmigrhmap6jiln7nt67iu7zyrufnlllt67r2sl4fimlm4lua",
            "name": "10.0.0.2:80",
            "offline": false,
            "port": 80,
            "state": "SUCCEEDED",
            "timeouts": null,
            "weight": 1
          },
          "private": "eyJlMmJmYjczMC1lY2FhLTExZTYtOGY4OC0zNDM2M2JjN2M0YzAiOnsiY3JlYXRlIjo5MDAwMDAwMDAwMDAsImRlbGV0ZSI6OTAwMDAwMDAwMDAwLCJ1cGRhdGUiOjkwMDAwMDAwMDAwMH19",
          "dependencies": [
            "oci_core_instance.Bastion",
            "oci_core_instance.WebServer",
            "oci_core_internet_gateway.InetGW",
            "oci_core_nat_gateway.NATGateway",
            "oci_core_route_table.PrivateRoutingTable",
            "oci_core_route_table.PublicRoutingTable",
            "oci_core_security_list.BastionSubnetSeclist",
            "oci_core_security_list.LBSubnetSeclist",
            "oci_core_security_list.PrivateSubnetSeclist",
            "oci_core_subnet.BastionSubnet",
            "oci_core_subnet.LBSubnet",
            "oci_core_subnet.PrivateSubnet",
            "oci_core_virtual_network.VCN",
            "oci_load_balancer.lb-web",
            "oci_load_balancer_backend_set.lb-backendset-web"
          ]
        }
      ]
    },
    {
      "mode": "managed",
      "type": "oci_load_balancer_backend_set",
      "name": "lb-backendset-web",
      "provider": "provider.oci",
      "instances": [
        {
          "schema_version": 0,
          "attributes": {
            "backend": [
              {
                "backup": false,
                "drain": false,
                "ip_address": "10.0.0.2",
                "name": "10.0.0.2:80",
                "offline": false,
                "port": 80,
                "weight": 1
              }
            ],
            "health_checker": [
              {
                "interval_ms": 5000,
                "port": 80,
                "protocol": "HTTP",
                "response_body_regex": ".*",
                "retries": 3,
                "return_code": 200,
                "timeout_in_millis": 2000,
                "url_path": "/controller/ping"
              }
            ],
            "id": "loadBalancers/ocid1.loadbalancer.oc1.eu-frankfurt-1.aaaaaaaavyzgrmigrhmap6jiln7nt67iu7zyrufnlllt67r2sl4fimlm4lua/backendSets/lb-bes-web",
            "lb_cookie_session_persistence_configuration": [],
            "load_balancer_id": "ocid1.loadbalancer.oc1.eu-frankfurt-1.aaaaaaaavyzgrmigrhmap6jiln7nt67iu7zyrufnlllt67r2sl4fimlm4lua",
            "name": "lb-bes-web",
            "policy": "ROUND_ROBIN",
            "session_persistence_configuration": [
              {
                "cookie_name": "lb-web-session",
                "disable_fallback": true
              }
            ],
            "ssl_configuration": [],
            "state": "SUCCEEDED",
            "timeouts": null
          },
          "private": "eyJlMmJmYjczMC1lY2FhLTExZTYtOGY4OC0zNDM2M2JjN2M0YzAiOnsiY3JlYXRlIjo5MDAwMDAwMDAwMDAsImRlbGV0ZSI6OTAwMDAwMDAwMDAwLCJ1cGRhdGUiOjkwMDAwMDAwMDAwMH19",
          "dependencies": [
            "oci_core_internet_gateway.InetGW",
            "oci_core_route_table.PublicRoutingTable",
            "oci_core_security_list.LBSubnetSeclist",
            "oci_core_subnet.LBSubnet",
            "oci_core_virtual_network.VCN",
            "oci_load_balancer.lb-web"
          ]
        }
      ]
    },
    {
      "mode": "managed",
      "type": "oci_load_balancer_listener",
      "name": "lb-web-listener",
      "provider": "provider.oci",
      "instances": [
        {
          "schema_version": 0,
          "attributes": {
            "connection_configuration": [
              {
                "backend_tcp_proxy_protocol_version": 0,
                "idle_timeout_in_seconds": "300"
              }
            ],
            "default_backend_set_name": "lb-bes-web",
            "hostname_names": [],
            "id": "loadBalancers/ocid1.loadbalancer.oc1.eu-frankfurt-1.aaaaaaaavyzgrmigrhmap6jiln7nt67iu7zyrufnlllt67r2sl4fimlm4lua/listeners/http",
            "load_balancer_id": "ocid1.loadbalancer.oc1.eu-frankfurt-1.aaaaaaaavyzgrmigrhmap6jiln7nt67iu7zyrufnlllt67r2sl4fimlm4lua",
            "name": "http",
            "path_route_set_name": null,
            "port": 80,
            "protocol": "HTTP",
            "rule_set_names": [],
            "ssl_configuration": [],
            "state": "SUCCEEDED",
            "timeouts": null
          },
          "private": "eyJlMmJmYjczMC1lY2FhLTExZTYtOGY4OC0zNDM2M2JjN2M0YzAiOnsiY3JlYXRlIjo5MDAwMDAwMDAwMDAsImRlbGV0ZSI6OTAwMDAwMDAwMDAwLCJ1cGRhdGUiOjkwMDAwMDAwMDAwMH19",
          "dependencies": [
            "oci_core_internet_gateway.InetGW",
            "oci_core_route_table.PublicRoutingTable",
            "oci_core_security_list.LBSubnetSeclist",
            "oci_core_subnet.LBSubnet",
            "oci_core_virtual_network.VCN",
            "oci_load_balancer.lb-web",
            "oci_load_balancer_backend_set.lb-backendset-web"
          ]
        }
      ]
    },
    {
      "mode": "managed",
      "type": "oci_load_balancer_path_route_set",
      "name": "lb-web-routing",
      "provider": "provider.oci",
      "instances": [
        {
          "schema_version": 0,
          "attributes": {
            "id": "loadBalancers/ocid1.loadbalancer.oc1.eu-frankfurt-1.aaaaaaaavyzgrmigrhmap6jiln7nt67iu7zyrufnlllt67r2sl4fimlm4lua/pathRouteSets/lb-web-routing",
            "load_balancer_id": "ocid1.loadbalancer.oc1.eu-frankfurt-1.aaaaaaaavyzgrmigrhmap6jiln7nt67iu7zyrufnlllt67r2sl4fimlm4lua",
            "name": "lb-web-routing",
            "path_routes": [
              {
                "backend_set_name": "lb-bes-web",
                "path": "/",
                "path_match_type": [
                  {
                    "match_type": "PREFIX_MATCH"
                  }
                ]
              }
            ],
            "state": "SUCCEEDED",
            "timeouts": null
          },
          "private": "eyJlMmJmYjczMC1lY2FhLTExZTYtOGY4OC0zNDM2M2JjN2M0YzAiOnsiY3JlYXRlIjo5MDAwMDAwMDAwMDAsImRlbGV0ZSI6OTAwMDAwMDAwMDAwLCJ1cGRhdGUiOjkwMDAwMDAwMDAwMH19",
          "dependencies": [
            "oci_core_internet_gateway.InetGW",
            "oci_core_route_table.PublicRoutingTable",
            "oci_core_security_list.LBSubnetSeclist",
            "oci_core_subnet.LBSubnet",
            "oci_core_virtual_network.VCN",
            "oci_load_balancer.lb-web",
            "oci_load_balancer_backend_set.lb-backendset-web"
          ]
        }
      ]
    }
  ]
}
